// !$*UTF8*$!
{
	archiveVersion = 1;
	classes = {
	};
	objectVersion = 50;
	objects = {

/* Begin PBXBuildFile section */
		300E9A26252E6DD800E37E11 /* TutorListViewController+UIHelpers.swift in Sources */ = {isa = PBXBuildFile; fileRef = 300E9A25252E6DD800E37E11 /* TutorListViewController+UIHelpers.swift */; };
		300E9A2B252E878600E37E11 /* HelperFunctions.swift in Sources */ = {isa = PBXBuildFile; fileRef = 300E9A2A252E878600E37E11 /* HelperFunctions.swift */; };
		3019FCF82520F36E004C259E /* CustomView.swift in Sources */ = {isa = PBXBuildFile; fileRef = 3083A4DD246DB54300EEE2C8 /* CustomView.swift */; };
		3019FD05252107F9004C259E /* TutorPresenter.swift in Sources */ = {isa = PBXBuildFile; fileRef = 3019FCFF252107F9004C259E /* TutorPresenter.swift */; };
		3019FD06252107F9004C259E /* TutorWorker.swift in Sources */ = {isa = PBXBuildFile; fileRef = 3019FD00252107F9004C259E /* TutorWorker.swift */; };
		3019FD07252107F9004C259E /* TutorRouter.swift in Sources */ = {isa = PBXBuildFile; fileRef = 3019FD01252107F9004C259E /* TutorRouter.swift */; };
		3019FD08252107F9004C259E /* TutorModels.swift in Sources */ = {isa = PBXBuildFile; fileRef = 3019FD02252107F9004C259E /* TutorModels.swift */; };
		3019FD09252107F9004C259E /* TutorViewController.swift in Sources */ = {isa = PBXBuildFile; fileRef = 3019FD03252107F9004C259E /* TutorViewController.swift */; };
		3019FD0A252107F9004C259E /* TutorInteractor.swift in Sources */ = {isa = PBXBuildFile; fileRef = 3019FD04252107F9004C259E /* TutorInteractor.swift */; };
		301A6C8B2551CD6000452289 /* Attachement.swift in Sources */ = {isa = PBXBuildFile; fileRef = 301A6C8A2551CD6000452289 /* Attachement.swift */; };
		303139DF245C4DB5005EEF87 /* AppDelegate.swift in Sources */ = {isa = PBXBuildFile; fileRef = 303139DE245C4DB5005EEF87 /* AppDelegate.swift */; };
		303139E1245C4DB5005EEF87 /* SceneDelegate.swift in Sources */ = {isa = PBXBuildFile; fileRef = 303139E0245C4DB5005EEF87 /* SceneDelegate.swift */; };
		303139E6245C4DB5005EEF87 /* Main.storyboard in Resources */ = {isa = PBXBuildFile; fileRef = 303139E4245C4DB5005EEF87 /* Main.storyboard */; };
		303139E9245C4DB5005EEF87 /* AcaBase.xcdatamodeld in Sources */ = {isa = PBXBuildFile; fileRef = 303139E7245C4DB5005EEF87 /* AcaBase.xcdatamodeld */; };
		303139EB245C4DB7005EEF87 /* Assets.xcassets in Resources */ = {isa = PBXBuildFile; fileRef = 303139EA245C4DB7005EEF87 /* Assets.xcassets */; };
		303139EE245C4DB7005EEF87 /* LaunchScreen.storyboard in Resources */ = {isa = PBXBuildFile; fileRef = 303139EC245C4DB7005EEF87 /* LaunchScreen.storyboard */; };
		303139F9245C4DB8005EEF87 /* AcaBaseTests.swift in Sources */ = {isa = PBXBuildFile; fileRef = 303139F8245C4DB8005EEF87 /* AcaBaseTests.swift */; };
		30313A04245C4DB8005EEF87 /* AcaBaseUITests.swift in Sources */ = {isa = PBXBuildFile; fileRef = 30313A03245C4DB8005EEF87 /* AcaBaseUITests.swift */; };
		30313A17245C50CE005EEF87 /* SplashPresenter.swift in Sources */ = {isa = PBXBuildFile; fileRef = 30313A11245C50CE005EEF87 /* SplashPresenter.swift */; };
		30313A18245C50CE005EEF87 /* SplashWorker.swift in Sources */ = {isa = PBXBuildFile; fileRef = 30313A12245C50CE005EEF87 /* SplashWorker.swift */; };
		30313A19245C50CE005EEF87 /* SplashRouter.swift in Sources */ = {isa = PBXBuildFile; fileRef = 30313A13245C50CE005EEF87 /* SplashRouter.swift */; };
		30313A1A245C50CE005EEF87 /* SplashModels.swift in Sources */ = {isa = PBXBuildFile; fileRef = 30313A14245C50CE005EEF87 /* SplashModels.swift */; };
		30313A1B245C50CE005EEF87 /* SplashViewController.swift in Sources */ = {isa = PBXBuildFile; fileRef = 30313A15245C50CE005EEF87 /* SplashViewController.swift */; };
		30313A1C245C50CE005EEF87 /* SplashInteractor.swift in Sources */ = {isa = PBXBuildFile; fileRef = 30313A16245C50CE005EEF87 /* SplashInteractor.swift */; };
		30313A23245C5192005EEF87 /* SplashViewControllerTests.swift in Sources */ = {isa = PBXBuildFile; fileRef = 30313A1F245C5192005EEF87 /* SplashViewControllerTests.swift */; };
		30313A24245C5192005EEF87 /* SplashInteractorTests.swift in Sources */ = {isa = PBXBuildFile; fileRef = 30313A20245C5192005EEF87 /* SplashInteractorTests.swift */; };
		30313A25245C5192005EEF87 /* SplashWorkerTests.swift in Sources */ = {isa = PBXBuildFile; fileRef = 30313A21245C5192005EEF87 /* SplashWorkerTests.swift */; };
		30313A26245C5192005EEF87 /* SplashPresenterTests.swift in Sources */ = {isa = PBXBuildFile; fileRef = 30313A22245C5192005EEF87 /* SplashPresenterTests.swift */; };
		30313A30245C5998005EEF87 /* LoginPresenter.swift in Sources */ = {isa = PBXBuildFile; fileRef = 30313A2A245C5998005EEF87 /* LoginPresenter.swift */; };
		30313A31245C5998005EEF87 /* LoginWorker.swift in Sources */ = {isa = PBXBuildFile; fileRef = 30313A2B245C5998005EEF87 /* LoginWorker.swift */; };
		30313A32245C5998005EEF87 /* LoginRouter.swift in Sources */ = {isa = PBXBuildFile; fileRef = 30313A2C245C5998005EEF87 /* LoginRouter.swift */; };
		30313A33245C5998005EEF87 /* LoginModels.swift in Sources */ = {isa = PBXBuildFile; fileRef = 30313A2D245C5998005EEF87 /* LoginModels.swift */; };
		30313A34245C5998005EEF87 /* LoginViewController.swift in Sources */ = {isa = PBXBuildFile; fileRef = 30313A2E245C5998005EEF87 /* LoginViewController.swift */; };
		30313A35245C5998005EEF87 /* LoginInteractor.swift in Sources */ = {isa = PBXBuildFile; fileRef = 30313A2F245C5998005EEF87 /* LoginInteractor.swift */; };
		30313A3D245C66D3005EEF87 /* SubscribePresenter.swift in Sources */ = {isa = PBXBuildFile; fileRef = 30313A37245C66D3005EEF87 /* SubscribePresenter.swift */; };
		30313A3E245C66D3005EEF87 /* SubscribeWorker.swift in Sources */ = {isa = PBXBuildFile; fileRef = 30313A38245C66D3005EEF87 /* SubscribeWorker.swift */; };
		30313A3F245C66D3005EEF87 /* SubscribeRouter.swift in Sources */ = {isa = PBXBuildFile; fileRef = 30313A39245C66D3005EEF87 /* SubscribeRouter.swift */; };
		30313A40245C66D3005EEF87 /* SubscribeModels.swift in Sources */ = {isa = PBXBuildFile; fileRef = 30313A3A245C66D3005EEF87 /* SubscribeModels.swift */; };
		30313A41245C66D3005EEF87 /* SubscribeViewController.swift in Sources */ = {isa = PBXBuildFile; fileRef = 30313A3B245C66D3005EEF87 /* SubscribeViewController.swift */; };
		30313A42245C66D3005EEF87 /* SubscribeInteractor.swift in Sources */ = {isa = PBXBuildFile; fileRef = 30313A3C245C66D3005EEF87 /* SubscribeInteractor.swift */; };
		3043BBCF25093681005AB2A1 /* Trainer.swift in Sources */ = {isa = PBXBuildFile; fileRef = 3043BBCE25093681005AB2A1 /* Trainer.swift */; };
		3043BBD125093890005AB2A1 /* Subject.swift in Sources */ = {isa = PBXBuildFile; fileRef = 3043BBD025093890005AB2A1 /* Subject.swift */; };
		3043BBD3250938E2005AB2A1 /* feedback.swift in Sources */ = {isa = PBXBuildFile; fileRef = 3043BBD2250938E2005AB2A1 /* feedback.swift */; };
		3043BBD5250939CE005AB2A1 /* MainPageWorker.swift in Sources */ = {isa = PBXBuildFile; fileRef = 3043BBD4250939CE005AB2A1 /* MainPageWorker.swift */; };
		3043BBD925093AF0005AB2A1 /* MainPageAPI.swift in Sources */ = {isa = PBXBuildFile; fileRef = 3043BBD825093AF0005AB2A1 /* MainPageAPI.swift */; };
		3043BBDC25093B91005AB2A1 /* Endpoints.swift in Sources */ = {isa = PBXBuildFile; fileRef = 3043BBDB25093B91005AB2A1 /* Endpoints.swift */; };
		3043BBDF25094B7E005AB2A1 /* TrainerCell.swift in Sources */ = {isa = PBXBuildFile; fileRef = 3043BBDE25094B7E005AB2A1 /* TrainerCell.swift */; };
		3043BBE125094E7D005AB2A1 /* UIImageView+Helpers .swift in Sources */ = {isa = PBXBuildFile; fileRef = 3043BBE025094E7D005AB2A1 /* UIImageView+Helpers .swift */; };
		3043BBE5250D7157005AB2A1 /* UIColor+CustomColors.swift in Sources */ = {isa = PBXBuildFile; fileRef = 3043BBE4250D7157005AB2A1 /* UIColor+CustomColors.swift */; };
		3043BBE7250D7EFF005AB2A1 /* UINavigationController+Helpers.swift in Sources */ = {isa = PBXBuildFile; fileRef = 3043BBE6250D7EFF005AB2A1 /* UINavigationController+Helpers.swift */; };
		30635537254ED41F005AAAB2 /* Roboto-Thin.ttf in Resources */ = {isa = PBXBuildFile; fileRef = 3063552B254ED41E005AAAB2 /* Roboto-Thin.ttf */; };
		30635538254ED41F005AAAB2 /* Roboto-Italic.ttf in Resources */ = {isa = PBXBuildFile; fileRef = 3063552C254ED41E005AAAB2 /* Roboto-Italic.ttf */; };
		30635539254ED41F005AAAB2 /* Roboto-BlackItalic.ttf in Resources */ = {isa = PBXBuildFile; fileRef = 3063552D254ED41E005AAAB2 /* Roboto-BlackItalic.ttf */; };
		3063553A254ED41F005AAAB2 /* Roboto-ThinItalic.ttf in Resources */ = {isa = PBXBuildFile; fileRef = 3063552E254ED41E005AAAB2 /* Roboto-ThinItalic.ttf */; };
		3063553B254ED41F005AAAB2 /* Roboto-LightItalic.ttf in Resources */ = {isa = PBXBuildFile; fileRef = 3063552F254ED41F005AAAB2 /* Roboto-LightItalic.ttf */; };
		3063553C254ED41F005AAAB2 /* Roboto-Medium.ttf in Resources */ = {isa = PBXBuildFile; fileRef = 30635530254ED41F005AAAB2 /* Roboto-Medium.ttf */; };
		3063553D254ED41F005AAAB2 /* Roboto-BoldItalic.ttf in Resources */ = {isa = PBXBuildFile; fileRef = 30635531254ED41F005AAAB2 /* Roboto-BoldItalic.ttf */; };
		3063553E254ED41F005AAAB2 /* Roboto-Light.ttf in Resources */ = {isa = PBXBuildFile; fileRef = 30635532254ED41F005AAAB2 /* Roboto-Light.ttf */; };
		3063553F254ED41F005AAAB2 /* Roboto-Regular.ttf in Resources */ = {isa = PBXBuildFile; fileRef = 30635533254ED41F005AAAB2 /* Roboto-Regular.ttf */; };
		30635540254ED41F005AAAB2 /* Roboto-Bold.ttf in Resources */ = {isa = PBXBuildFile; fileRef = 30635534254ED41F005AAAB2 /* Roboto-Bold.ttf */; };
		30635541254ED41F005AAAB2 /* Roboto-MediumItalic.ttf in Resources */ = {isa = PBXBuildFile; fileRef = 30635535254ED41F005AAAB2 /* Roboto-MediumItalic.ttf */; };
		30635542254ED41F005AAAB2 /* Roboto-Black.ttf in Resources */ = {isa = PBXBuildFile; fileRef = 30635536254ED41F005AAAB2 /* Roboto-Black.ttf */; };
		306683BD251D4FF6004F8797 /* Tutor.storyboard in Resources */ = {isa = PBXBuildFile; fileRef = 306683BC251D4FF6004F8797 /* Tutor.storyboard */; };
		306BD818254592540078A041 /* RatingView.swift in Sources */ = {isa = PBXBuildFile; fileRef = 306BD817254592540078A041 /* RatingView.swift */; };
		306BD81D254595500078A041 /* RatingView.xib in Resources */ = {isa = PBXBuildFile; fileRef = 306BD81C254595500078A041 /* RatingView.xib */; };
		30775AB0245CD0B700677FE5 /* UserWorker.swift in Sources */ = {isa = PBXBuildFile; fileRef = 30775AAF245CD0B700677FE5 /* UserWorker.swift */; };
		30775AB2245CD0DC00677FE5 /* UserCoreDataStore.swift in Sources */ = {isa = PBXBuildFile; fileRef = 30775AB1245CD0DC00677FE5 /* UserCoreDataStore.swift */; };
		30775AB4245CD21200677FE5 /* CoreDataStore.swift in Sources */ = {isa = PBXBuildFile; fileRef = 30775AB3245CD21200677FE5 /* CoreDataStore.swift */; };
		30775AB6245CD84100677FE5 /* User.swift in Sources */ = {isa = PBXBuildFile; fileRef = 30775AB5245CD84100677FE5 /* User.swift */; };
		30775AB8245DA8EC00677FE5 /* UserAPI.swift in Sources */ = {isa = PBXBuildFile; fileRef = 30775AB7245DA8EC00677FE5 /* UserAPI.swift */; };
		30775ABB245F44A900677FE5 /* ManagedUser+CoreDataClass.swift in Sources */ = {isa = PBXBuildFile; fileRef = 30775AB9245F44A900677FE5 /* ManagedUser+CoreDataClass.swift */; };
		30775ABC245F44A900677FE5 /* ManagedUser+CoreDataProperties.swift in Sources */ = {isa = PBXBuildFile; fileRef = 30775ABA245F44A900677FE5 /* ManagedUser+CoreDataProperties.swift */; };
		3078CC88247F7344009BB013 /* UIViewController+Helpers.swift in Sources */ = {isa = PBXBuildFile; fileRef = 3078CC87247F7344009BB013 /* UIViewController+Helpers.swift */; };
		3078CC8A24814AEE009BB013 /* UIAlertController+Helpers.swift in Sources */ = {isa = PBXBuildFile; fileRef = 3078CC8924814AEE009BB013 /* UIAlertController+Helpers.swift */; };
		3078CC8C2482CD4E009BB013 /* Home.storyboard in Resources */ = {isa = PBXBuildFile; fileRef = 3078CC8B2482CD4E009BB013 /* Home.storyboard */; };
		307A2F0A249672F500F15F3C /* HomePresenter.swift in Sources */ = {isa = PBXBuildFile; fileRef = 307A2F04249672F500F15F3C /* HomePresenter.swift */; };
		307A2F0B249672F500F15F3C /* HomeWorker.swift in Sources */ = {isa = PBXBuildFile; fileRef = 307A2F05249672F500F15F3C /* HomeWorker.swift */; };
		307A2F0C249672F500F15F3C /* HomeRouter.swift in Sources */ = {isa = PBXBuildFile; fileRef = 307A2F06249672F500F15F3C /* HomeRouter.swift */; };
		307A2F0D249672F500F15F3C /* HomeModels.swift in Sources */ = {isa = PBXBuildFile; fileRef = 307A2F07249672F500F15F3C /* HomeModels.swift */; };
		307A2F0E249672F500F15F3C /* HomeViewController.swift in Sources */ = {isa = PBXBuildFile; fileRef = 307A2F08249672F500F15F3C /* HomeViewController.swift */; };
		307A2F0F249672F500F15F3C /* HomeInteractor.swift in Sources */ = {isa = PBXBuildFile; fileRef = 307A2F09249672F500F15F3C /* HomeInteractor.swift */; };
		3081B9E8255087E8003A7C99 /* AttachementCell.swift in Sources */ = {isa = PBXBuildFile; fileRef = 3081B9E7255087E8003A7C99 /* AttachementCell.swift */; };
		3081B9ED2550883D003A7C99 /* RecordingCell.swift in Sources */ = {isa = PBXBuildFile; fileRef = 3081B9EC2550883D003A7C99 /* RecordingCell.swift */; };
		3081B9F225508CC0003A7C99 /* ImageCell.swift in Sources */ = {isa = PBXBuildFile; fileRef = 3081B9F125508CC0003A7C99 /* ImageCell.swift */; };
		3083A4DC246CA48400EEE2C8 /* ImagePickerManager.swift in Sources */ = {isa = PBXBuildFile; fileRef = 3083A4DB246CA48400EEE2C8 /* ImagePickerManager.swift */; };
		3083A4E02472260200EEE2C8 /* Strings.swift in Sources */ = {isa = PBXBuildFile; fileRef = 3083A4DF2472260200EEE2C8 /* Strings.swift */; };
		3083A4E22472E07300EEE2C8 /* DataValidationWorker.swift in Sources */ = {isa = PBXBuildFile; fileRef = 3083A4E12472E07300EEE2C8 /* DataValidationWorker.swift */; };
		3083E598254DEF27009B13E6 /* Store.storyboard in Resources */ = {isa = PBXBuildFile; fileRef = 3083E597254DEF27009B13E6 /* Store.storyboard */; };
		3083E59D254DEF4E009B13E6 /* Live.storyboard in Resources */ = {isa = PBXBuildFile; fileRef = 3083E59C254DEF4E009B13E6 /* Live.storyboard */; };
		3083E5A2254DEF59009B13E6 /* Chat.storyboard in Resources */ = {isa = PBXBuildFile; fileRef = 3083E5A1254DEF59009B13E6 /* Chat.storyboard */; };
		3083E5A7254DF301009B13E6 /* Practice.storyboard in Resources */ = {isa = PBXBuildFile; fileRef = 3083E5A6254DF301009B13E6 /* Practice.storyboard */; };
		3083E5AF254DF940009B13E6 /* Question.storyboard in Resources */ = {isa = PBXBuildFile; fileRef = 3083E5AE254DF940009B13E6 /* Question.storyboard */; };
		3083E5B4254E0CFB009B13E6 /* UIViewController+GlobalHelpers.swift in Sources */ = {isa = PBXBuildFile; fileRef = 3083E5B3254E0CFB009B13E6 /* UIViewController+GlobalHelpers.swift */; };
		30872B05250E41B400D2E6EE /* TopicCell.swift in Sources */ = {isa = PBXBuildFile; fileRef = 30872B04250E41B400D2E6EE /* TopicCell.swift */; };
		30872B07250E432800D2E6EE /* Topic.swift in Sources */ = {isa = PBXBuildFile; fileRef = 30872B06250E432800D2E6EE /* Topic.swift */; };
		3095C2562549F1960078F2A7 /* MainPageCoreDataStore.swift in Sources */ = {isa = PBXBuildFile; fileRef = 3095C2552549F1950078F2A7 /* MainPageCoreDataStore.swift */; };
		3095C261254A217F0078F2A7 /* QuizListPresenter.swift in Sources */ = {isa = PBXBuildFile; fileRef = 3095C25B254A217F0078F2A7 /* QuizListPresenter.swift */; };
		3095C262254A217F0078F2A7 /* QuizListWorker.swift in Sources */ = {isa = PBXBuildFile; fileRef = 3095C25C254A217F0078F2A7 /* QuizListWorker.swift */; };
		3095C263254A217F0078F2A7 /* QuizListRouter.swift in Sources */ = {isa = PBXBuildFile; fileRef = 3095C25D254A217F0078F2A7 /* QuizListRouter.swift */; };
		3095C264254A217F0078F2A7 /* QuizListModels.swift in Sources */ = {isa = PBXBuildFile; fileRef = 3095C25E254A217F0078F2A7 /* QuizListModels.swift */; };
		3095C265254A217F0078F2A7 /* QuizListViewController.swift in Sources */ = {isa = PBXBuildFile; fileRef = 3095C25F254A217F0078F2A7 /* QuizListViewController.swift */; };
		3095C266254A217F0078F2A7 /* QuizListInteractor.swift in Sources */ = {isa = PBXBuildFile; fileRef = 3095C260254A217F0078F2A7 /* QuizListInteractor.swift */; };
		3095C26E254A21B60078F2A7 /* QuizList.storyboard in Resources */ = {isa = PBXBuildFile; fileRef = 3095C26D254A21B60078F2A7 /* QuizList.storyboard */; };
		3095C279254A24D90078F2A7 /* QuestionPresenter.swift in Sources */ = {isa = PBXBuildFile; fileRef = 3095C273254A24D90078F2A7 /* QuestionPresenter.swift */; };
		3095C27A254A24D90078F2A7 /* QuestionWorker.swift in Sources */ = {isa = PBXBuildFile; fileRef = 3095C274254A24D90078F2A7 /* QuestionWorker.swift */; };
		3095C27B254A24D90078F2A7 /* QuestionRouter.swift in Sources */ = {isa = PBXBuildFile; fileRef = 3095C275254A24D90078F2A7 /* QuestionRouter.swift */; };
		3095C27C254A24D90078F2A7 /* QuestionModels.swift in Sources */ = {isa = PBXBuildFile; fileRef = 3095C276254A24D90078F2A7 /* QuestionModels.swift */; };
		3095C27D254A24D90078F2A7 /* QuestionViewController.swift in Sources */ = {isa = PBXBuildFile; fileRef = 3095C277254A24D90078F2A7 /* QuestionViewController.swift */; };
		3095C27E254A24D90078F2A7 /* QuestionInteractor.swift in Sources */ = {isa = PBXBuildFile; fileRef = 3095C278254A24D90078F2A7 /* QuestionInteractor.swift */; };
		309FE16A2551A26B00564AE0 /* AudioRecordPresenter.swift in Sources */ = {isa = PBXBuildFile; fileRef = 309FE1642551A26B00564AE0 /* AudioRecordPresenter.swift */; };
		309FE16B2551A26B00564AE0 /* AudioRecordWorker.swift in Sources */ = {isa = PBXBuildFile; fileRef = 309FE1652551A26B00564AE0 /* AudioRecordWorker.swift */; };
		309FE16C2551A26B00564AE0 /* AudioRecordRouter.swift in Sources */ = {isa = PBXBuildFile; fileRef = 309FE1662551A26B00564AE0 /* AudioRecordRouter.swift */; };
		309FE16D2551A26B00564AE0 /* AudioRecordModels.swift in Sources */ = {isa = PBXBuildFile; fileRef = 309FE1672551A26B00564AE0 /* AudioRecordModels.swift */; };
		309FE16E2551A26B00564AE0 /* AudioRecordViewController.swift in Sources */ = {isa = PBXBuildFile; fileRef = 309FE1682551A26B00564AE0 /* AudioRecordViewController.swift */; };
		309FE16F2551A26B00564AE0 /* AudioRecordInteractor.swift in Sources */ = {isa = PBXBuildFile; fileRef = 309FE1692551A26B00564AE0 /* AudioRecordInteractor.swift */; };
		309FE1742551A28300564AE0 /* AudioRecord.storyboard in Resources */ = {isa = PBXBuildFile; fileRef = 309FE1732551A28300564AE0 /* AudioRecord.storyboard */; };
		309FE1792551B07900564AE0 /* RecordManager.swift in Sources */ = {isa = PBXBuildFile; fileRef = 309FE1782551B07900564AE0 /* RecordManager.swift */; };
		30F8BE462528C4C50059417A /* TutorListPresenter.swift in Sources */ = {isa = PBXBuildFile; fileRef = 30F8BE402528C4C50059417A /* TutorListPresenter.swift */; };
		30F8BE472528C4C50059417A /* TutorListWorker.swift in Sources */ = {isa = PBXBuildFile; fileRef = 30F8BE412528C4C50059417A /* TutorListWorker.swift */; };
		30F8BE482528C4C50059417A /* TutorListRouter.swift in Sources */ = {isa = PBXBuildFile; fileRef = 30F8BE422528C4C50059417A /* TutorListRouter.swift */; };
		30F8BE492528C4C50059417A /* TutorListModels.swift in Sources */ = {isa = PBXBuildFile; fileRef = 30F8BE432528C4C50059417A /* TutorListModels.swift */; };
		30F8BE4A2528C4C50059417A /* TutorListViewController.swift in Sources */ = {isa = PBXBuildFile; fileRef = 30F8BE442528C4C50059417A /* TutorListViewController.swift */; };
		30F8BE4B2528C4C50059417A /* TutorListInteractor.swift in Sources */ = {isa = PBXBuildFile; fileRef = 30F8BE452528C4C50059417A /* TutorListInteractor.swift */; };
		30F8BE502528C5090059417A /* TutorList.storyboard in Resources */ = {isa = PBXBuildFile; fileRef = 30F8BE4F2528C5090059417A /* TutorList.storyboard */; };
		51683FFD1B9F193EA06AB7DB /* libPods-AcaBaseUITests.a in Frameworks */ = {isa = PBXBuildFile; fileRef = E5906901FA5016DC76F23FED /* libPods-AcaBaseUITests.a */; };
		AA473CEBF170754F8EC9456C /* libPods-AcaBaseTests.a in Frameworks */ = {isa = PBXBuildFile; fileRef = AC8C062BCE194DD30CC3A562 /* libPods-AcaBaseTests.a */; };
		E4D1E5B2FDB80F93305209FC /* libPods-AcaBase.a in Frameworks */ = {isa = PBXBuildFile; fileRef = 260DBC0908F80714B48D644A /* libPods-AcaBase.a */; };
/* End PBXBuildFile section */

/* Begin PBXContainerItemProxy section */
		303139F5245C4DB8005EEF87 /* PBXContainerItemProxy */ = {
			isa = PBXContainerItemProxy;
			containerPortal = 303139D3245C4DB4005EEF87 /* Project object */;
			proxyType = 1;
			remoteGlobalIDString = 303139DA245C4DB4005EEF87;
			remoteInfo = AcaBase;
		};
		30313A00245C4DB8005EEF87 /* PBXContainerItemProxy */ = {
			isa = PBXContainerItemProxy;
			containerPortal = 303139D3245C4DB4005EEF87 /* Project object */;
			proxyType = 1;
			remoteGlobalIDString = 303139DA245C4DB4005EEF87;
			remoteInfo = AcaBase;
		};
/* End PBXContainerItemProxy section */

/* Begin PBXFileReference section */
		02A2602EC87E343B44F096C7 /* Pods-AcaBase.debug.xcconfig */ = {isa = PBXFileReference; includeInIndex = 1; lastKnownFileType = text.xcconfig; name = "Pods-AcaBase.debug.xcconfig"; path = "Target Support Files/Pods-AcaBase/Pods-AcaBase.debug.xcconfig"; sourceTree = "<group>"; };
		260DBC0908F80714B48D644A /* libPods-AcaBase.a */ = {isa = PBXFileReference; explicitFileType = archive.ar; includeInIndex = 0; path = "libPods-AcaBase.a"; sourceTree = BUILT_PRODUCTS_DIR; };
		300E9A25252E6DD800E37E11 /* TutorListViewController+UIHelpers.swift */ = {isa = PBXFileReference; lastKnownFileType = sourcecode.swift; path = "TutorListViewController+UIHelpers.swift"; sourceTree = "<group>"; };
		300E9A2A252E878600E37E11 /* HelperFunctions.swift */ = {isa = PBXFileReference; lastKnownFileType = sourcecode.swift; path = HelperFunctions.swift; sourceTree = "<group>"; };
		3019FCFF252107F9004C259E /* TutorPresenter.swift */ = {isa = PBXFileReference; lastKnownFileType = sourcecode.swift; path = TutorPresenter.swift; sourceTree = "<group>"; };
		3019FD00252107F9004C259E /* TutorWorker.swift */ = {isa = PBXFileReference; lastKnownFileType = sourcecode.swift; path = TutorWorker.swift; sourceTree = "<group>"; };
		3019FD01252107F9004C259E /* TutorRouter.swift */ = {isa = PBXFileReference; lastKnownFileType = sourcecode.swift; path = TutorRouter.swift; sourceTree = "<group>"; };
		3019FD02252107F9004C259E /* TutorModels.swift */ = {isa = PBXFileReference; lastKnownFileType = sourcecode.swift; path = TutorModels.swift; sourceTree = "<group>"; };
		3019FD03252107F9004C259E /* TutorViewController.swift */ = {isa = PBXFileReference; lastKnownFileType = sourcecode.swift; path = TutorViewController.swift; sourceTree = "<group>"; };
		3019FD04252107F9004C259E /* TutorInteractor.swift */ = {isa = PBXFileReference; lastKnownFileType = sourcecode.swift; path = TutorInteractor.swift; sourceTree = "<group>"; };
		301A6C8A2551CD6000452289 /* Attachement.swift */ = {isa = PBXFileReference; lastKnownFileType = sourcecode.swift; path = Attachement.swift; sourceTree = "<group>"; };
		303139DB245C4DB4005EEF87 /* AcaBase.app */ = {isa = PBXFileReference; explicitFileType = wrapper.application; includeInIndex = 0; path = AcaBase.app; sourceTree = BUILT_PRODUCTS_DIR; };
		303139DE245C4DB5005EEF87 /* AppDelegate.swift */ = {isa = PBXFileReference; lastKnownFileType = sourcecode.swift; path = AppDelegate.swift; sourceTree = "<group>"; };
		303139E0245C4DB5005EEF87 /* SceneDelegate.swift */ = {isa = PBXFileReference; lastKnownFileType = sourcecode.swift; path = SceneDelegate.swift; sourceTree = "<group>"; };
		303139E5245C4DB5005EEF87 /* Base */ = {isa = PBXFileReference; lastKnownFileType = file.storyboard; name = Base; path = Base.lproj/Main.storyboard; sourceTree = "<group>"; };
		303139E8245C4DB5005EEF87 /* AcaBase.xcdatamodel */ = {isa = PBXFileReference; lastKnownFileType = wrapper.xcdatamodel; path = AcaBase.xcdatamodel; sourceTree = "<group>"; };
		303139EA245C4DB7005EEF87 /* Assets.xcassets */ = {isa = PBXFileReference; lastKnownFileType = folder.assetcatalog; path = Assets.xcassets; sourceTree = "<group>"; };
		303139ED245C4DB7005EEF87 /* Base */ = {isa = PBXFileReference; lastKnownFileType = file.storyboard; name = Base; path = Base.lproj/LaunchScreen.storyboard; sourceTree = "<group>"; };
		303139EF245C4DB7005EEF87 /* Info.plist */ = {isa = PBXFileReference; lastKnownFileType = text.plist.xml; path = Info.plist; sourceTree = "<group>"; };
		303139F4245C4DB7005EEF87 /* AcaBaseTests.xctest */ = {isa = PBXFileReference; explicitFileType = wrapper.cfbundle; includeInIndex = 0; path = AcaBaseTests.xctest; sourceTree = BUILT_PRODUCTS_DIR; };
		303139F8245C4DB8005EEF87 /* AcaBaseTests.swift */ = {isa = PBXFileReference; lastKnownFileType = sourcecode.swift; path = AcaBaseTests.swift; sourceTree = "<group>"; };
		303139FA245C4DB8005EEF87 /* Info.plist */ = {isa = PBXFileReference; lastKnownFileType = text.plist.xml; path = Info.plist; sourceTree = "<group>"; };
		303139FF245C4DB8005EEF87 /* AcaBaseUITests.xctest */ = {isa = PBXFileReference; explicitFileType = wrapper.cfbundle; includeInIndex = 0; path = AcaBaseUITests.xctest; sourceTree = BUILT_PRODUCTS_DIR; };
		30313A03245C4DB8005EEF87 /* AcaBaseUITests.swift */ = {isa = PBXFileReference; lastKnownFileType = sourcecode.swift; path = AcaBaseUITests.swift; sourceTree = "<group>"; };
		30313A05245C4DB8005EEF87 /* Info.plist */ = {isa = PBXFileReference; lastKnownFileType = text.plist.xml; path = Info.plist; sourceTree = "<group>"; };
		30313A11245C50CE005EEF87 /* SplashPresenter.swift */ = {isa = PBXFileReference; lastKnownFileType = sourcecode.swift; path = SplashPresenter.swift; sourceTree = "<group>"; };
		30313A12245C50CE005EEF87 /* SplashWorker.swift */ = {isa = PBXFileReference; lastKnownFileType = sourcecode.swift; path = SplashWorker.swift; sourceTree = "<group>"; };
		30313A13245C50CE005EEF87 /* SplashRouter.swift */ = {isa = PBXFileReference; lastKnownFileType = sourcecode.swift; path = SplashRouter.swift; sourceTree = "<group>"; };
		30313A14245C50CE005EEF87 /* SplashModels.swift */ = {isa = PBXFileReference; lastKnownFileType = sourcecode.swift; path = SplashModels.swift; sourceTree = "<group>"; };
		30313A15245C50CE005EEF87 /* SplashViewController.swift */ = {isa = PBXFileReference; lastKnownFileType = sourcecode.swift; path = SplashViewController.swift; sourceTree = "<group>"; };
		30313A16245C50CE005EEF87 /* SplashInteractor.swift */ = {isa = PBXFileReference; lastKnownFileType = sourcecode.swift; path = SplashInteractor.swift; sourceTree = "<group>"; };
		30313A1F245C5192005EEF87 /* SplashViewControllerTests.swift */ = {isa = PBXFileReference; lastKnownFileType = sourcecode.swift; path = SplashViewControllerTests.swift; sourceTree = "<group>"; };
		30313A20245C5192005EEF87 /* SplashInteractorTests.swift */ = {isa = PBXFileReference; lastKnownFileType = sourcecode.swift; path = SplashInteractorTests.swift; sourceTree = "<group>"; };
		30313A21245C5192005EEF87 /* SplashWorkerTests.swift */ = {isa = PBXFileReference; lastKnownFileType = sourcecode.swift; path = SplashWorkerTests.swift; sourceTree = "<group>"; };
		30313A22245C5192005EEF87 /* SplashPresenterTests.swift */ = {isa = PBXFileReference; lastKnownFileType = sourcecode.swift; path = SplashPresenterTests.swift; sourceTree = "<group>"; };
		30313A2A245C5998005EEF87 /* LoginPresenter.swift */ = {isa = PBXFileReference; lastKnownFileType = sourcecode.swift; path = LoginPresenter.swift; sourceTree = "<group>"; };
		30313A2B245C5998005EEF87 /* LoginWorker.swift */ = {isa = PBXFileReference; lastKnownFileType = sourcecode.swift; path = LoginWorker.swift; sourceTree = "<group>"; };
		30313A2C245C5998005EEF87 /* LoginRouter.swift */ = {isa = PBXFileReference; lastKnownFileType = sourcecode.swift; path = LoginRouter.swift; sourceTree = "<group>"; };
		30313A2D245C5998005EEF87 /* LoginModels.swift */ = {isa = PBXFileReference; lastKnownFileType = sourcecode.swift; path = LoginModels.swift; sourceTree = "<group>"; };
		30313A2E245C5998005EEF87 /* LoginViewController.swift */ = {isa = PBXFileReference; lastKnownFileType = sourcecode.swift; path = LoginViewController.swift; sourceTree = "<group>"; };
		30313A2F245C5998005EEF87 /* LoginInteractor.swift */ = {isa = PBXFileReference; lastKnownFileType = sourcecode.swift; path = LoginInteractor.swift; sourceTree = "<group>"; };
		30313A37245C66D3005EEF87 /* SubscribePresenter.swift */ = {isa = PBXFileReference; lastKnownFileType = sourcecode.swift; path = SubscribePresenter.swift; sourceTree = "<group>"; };
		30313A38245C66D3005EEF87 /* SubscribeWorker.swift */ = {isa = PBXFileReference; lastKnownFileType = sourcecode.swift; path = SubscribeWorker.swift; sourceTree = "<group>"; };
		30313A39245C66D3005EEF87 /* SubscribeRouter.swift */ = {isa = PBXFileReference; lastKnownFileType = sourcecode.swift; path = SubscribeRouter.swift; sourceTree = "<group>"; };
		30313A3A245C66D3005EEF87 /* SubscribeModels.swift */ = {isa = PBXFileReference; lastKnownFileType = sourcecode.swift; path = SubscribeModels.swift; sourceTree = "<group>"; };
		30313A3B245C66D3005EEF87 /* SubscribeViewController.swift */ = {isa = PBXFileReference; lastKnownFileType = sourcecode.swift; path = SubscribeViewController.swift; sourceTree = "<group>"; };
		30313A3C245C66D3005EEF87 /* SubscribeInteractor.swift */ = {isa = PBXFileReference; lastKnownFileType = sourcecode.swift; path = SubscribeInteractor.swift; sourceTree = "<group>"; };
		3043BBCE25093681005AB2A1 /* Trainer.swift */ = {isa = PBXFileReference; lastKnownFileType = sourcecode.swift; path = Trainer.swift; sourceTree = "<group>"; };
		3043BBD025093890005AB2A1 /* Subject.swift */ = {isa = PBXFileReference; lastKnownFileType = sourcecode.swift; path = Subject.swift; sourceTree = "<group>"; };
		3043BBD2250938E2005AB2A1 /* feedback.swift */ = {isa = PBXFileReference; lastKnownFileType = sourcecode.swift; path = feedback.swift; sourceTree = "<group>"; };
		3043BBD4250939CE005AB2A1 /* MainPageWorker.swift */ = {isa = PBXFileReference; lastKnownFileType = sourcecode.swift; path = MainPageWorker.swift; sourceTree = "<group>"; };
		3043BBD825093AF0005AB2A1 /* MainPageAPI.swift */ = {isa = PBXFileReference; lastKnownFileType = sourcecode.swift; path = MainPageAPI.swift; sourceTree = "<group>"; };
		3043BBDB25093B91005AB2A1 /* Endpoints.swift */ = {isa = PBXFileReference; lastKnownFileType = sourcecode.swift; path = Endpoints.swift; sourceTree = "<group>"; };
		3043BBDE25094B7E005AB2A1 /* TrainerCell.swift */ = {isa = PBXFileReference; lastKnownFileType = sourcecode.swift; path = TrainerCell.swift; sourceTree = "<group>"; };
		3043BBE025094E7D005AB2A1 /* UIImageView+Helpers .swift */ = {isa = PBXFileReference; lastKnownFileType = sourcecode.swift; path = "UIImageView+Helpers .swift"; sourceTree = "<group>"; };
		3043BBE4250D7157005AB2A1 /* UIColor+CustomColors.swift */ = {isa = PBXFileReference; lastKnownFileType = sourcecode.swift; path = "UIColor+CustomColors.swift"; sourceTree = "<group>"; };
		3043BBE6250D7EFF005AB2A1 /* UINavigationController+Helpers.swift */ = {isa = PBXFileReference; lastKnownFileType = sourcecode.swift; path = "UINavigationController+Helpers.swift"; sourceTree = "<group>"; };
		3063552B254ED41E005AAAB2 /* Roboto-Thin.ttf */ = {isa = PBXFileReference; lastKnownFileType = file; path = "Roboto-Thin.ttf"; sourceTree = "<group>"; };
		3063552C254ED41E005AAAB2 /* Roboto-Italic.ttf */ = {isa = PBXFileReference; lastKnownFileType = file; path = "Roboto-Italic.ttf"; sourceTree = "<group>"; };
		3063552D254ED41E005AAAB2 /* Roboto-BlackItalic.ttf */ = {isa = PBXFileReference; lastKnownFileType = file; path = "Roboto-BlackItalic.ttf"; sourceTree = "<group>"; };
		3063552E254ED41E005AAAB2 /* Roboto-ThinItalic.ttf */ = {isa = PBXFileReference; lastKnownFileType = file; path = "Roboto-ThinItalic.ttf"; sourceTree = "<group>"; };
		3063552F254ED41F005AAAB2 /* Roboto-LightItalic.ttf */ = {isa = PBXFileReference; lastKnownFileType = file; path = "Roboto-LightItalic.ttf"; sourceTree = "<group>"; };
		30635530254ED41F005AAAB2 /* Roboto-Medium.ttf */ = {isa = PBXFileReference; lastKnownFileType = file; path = "Roboto-Medium.ttf"; sourceTree = "<group>"; };
		30635531254ED41F005AAAB2 /* Roboto-BoldItalic.ttf */ = {isa = PBXFileReference; lastKnownFileType = file; path = "Roboto-BoldItalic.ttf"; sourceTree = "<group>"; };
		30635532254ED41F005AAAB2 /* Roboto-Light.ttf */ = {isa = PBXFileReference; lastKnownFileType = file; path = "Roboto-Light.ttf"; sourceTree = "<group>"; };
		30635533254ED41F005AAAB2 /* Roboto-Regular.ttf */ = {isa = PBXFileReference; lastKnownFileType = file; path = "Roboto-Regular.ttf"; sourceTree = "<group>"; };
		30635534254ED41F005AAAB2 /* Roboto-Bold.ttf */ = {isa = PBXFileReference; lastKnownFileType = file; path = "Roboto-Bold.ttf"; sourceTree = "<group>"; };
		30635535254ED41F005AAAB2 /* Roboto-MediumItalic.ttf */ = {isa = PBXFileReference; lastKnownFileType = file; path = "Roboto-MediumItalic.ttf"; sourceTree = "<group>"; };
		30635536254ED41F005AAAB2 /* Roboto-Black.ttf */ = {isa = PBXFileReference; lastKnownFileType = file; path = "Roboto-Black.ttf"; sourceTree = "<group>"; };
		306683BC251D4FF6004F8797 /* Tutor.storyboard */ = {isa = PBXFileReference; lastKnownFileType = file.storyboard; path = Tutor.storyboard; sourceTree = "<group>"; };
		306BD817254592540078A041 /* RatingView.swift */ = {isa = PBXFileReference; lastKnownFileType = sourcecode.swift; path = RatingView.swift; sourceTree = "<group>"; };
		306BD81C254595500078A041 /* RatingView.xib */ = {isa = PBXFileReference; lastKnownFileType = file.xib; path = RatingView.xib; sourceTree = "<group>"; };
		30775AAF245CD0B700677FE5 /* UserWorker.swift */ = {isa = PBXFileReference; lastKnownFileType = sourcecode.swift; path = UserWorker.swift; sourceTree = "<group>"; };
		30775AB1245CD0DC00677FE5 /* UserCoreDataStore.swift */ = {isa = PBXFileReference; lastKnownFileType = sourcecode.swift; path = UserCoreDataStore.swift; sourceTree = "<group>"; };
		30775AB3245CD21200677FE5 /* CoreDataStore.swift */ = {isa = PBXFileReference; lastKnownFileType = sourcecode.swift; path = CoreDataStore.swift; sourceTree = "<group>"; };
		30775AB5245CD84100677FE5 /* User.swift */ = {isa = PBXFileReference; lastKnownFileType = sourcecode.swift; path = User.swift; sourceTree = "<group>"; };
		30775AB7245DA8EC00677FE5 /* UserAPI.swift */ = {isa = PBXFileReference; lastKnownFileType = sourcecode.swift; path = UserAPI.swift; sourceTree = "<group>"; };
		30775AB9245F44A900677FE5 /* ManagedUser+CoreDataClass.swift */ = {isa = PBXFileReference; lastKnownFileType = sourcecode.swift; path = "ManagedUser+CoreDataClass.swift"; sourceTree = "<group>"; };
		30775ABA245F44A900677FE5 /* ManagedUser+CoreDataProperties.swift */ = {isa = PBXFileReference; lastKnownFileType = sourcecode.swift; path = "ManagedUser+CoreDataProperties.swift"; sourceTree = "<group>"; };
		3078CC87247F7344009BB013 /* UIViewController+Helpers.swift */ = {isa = PBXFileReference; lastKnownFileType = sourcecode.swift; path = "UIViewController+Helpers.swift"; sourceTree = "<group>"; };
		3078CC8924814AEE009BB013 /* UIAlertController+Helpers.swift */ = {isa = PBXFileReference; lastKnownFileType = sourcecode.swift; path = "UIAlertController+Helpers.swift"; sourceTree = "<group>"; };
		3078CC8B2482CD4E009BB013 /* Home.storyboard */ = {isa = PBXFileReference; lastKnownFileType = file.storyboard; path = Home.storyboard; sourceTree = "<group>"; };
		307A2F04249672F500F15F3C /* HomePresenter.swift */ = {isa = PBXFileReference; lastKnownFileType = sourcecode.swift; path = HomePresenter.swift; sourceTree = "<group>"; };
		307A2F05249672F500F15F3C /* HomeWorker.swift */ = {isa = PBXFileReference; lastKnownFileType = sourcecode.swift; path = HomeWorker.swift; sourceTree = "<group>"; };
		307A2F06249672F500F15F3C /* HomeRouter.swift */ = {isa = PBXFileReference; lastKnownFileType = sourcecode.swift; path = HomeRouter.swift; sourceTree = "<group>"; };
		307A2F07249672F500F15F3C /* HomeModels.swift */ = {isa = PBXFileReference; lastKnownFileType = sourcecode.swift; path = HomeModels.swift; sourceTree = "<group>"; };
		307A2F08249672F500F15F3C /* HomeViewController.swift */ = {isa = PBXFileReference; lastKnownFileType = sourcecode.swift; path = HomeViewController.swift; sourceTree = "<group>"; };
		307A2F09249672F500F15F3C /* HomeInteractor.swift */ = {isa = PBXFileReference; lastKnownFileType = sourcecode.swift; path = HomeInteractor.swift; sourceTree = "<group>"; };
		3081B9E7255087E8003A7C99 /* AttachementCell.swift */ = {isa = PBXFileReference; lastKnownFileType = sourcecode.swift; path = AttachementCell.swift; sourceTree = "<group>"; };
		3081B9EC2550883D003A7C99 /* RecordingCell.swift */ = {isa = PBXFileReference; lastKnownFileType = sourcecode.swift; path = RecordingCell.swift; sourceTree = "<group>"; };
		3081B9F125508CC0003A7C99 /* ImageCell.swift */ = {isa = PBXFileReference; lastKnownFileType = sourcecode.swift; path = ImageCell.swift; sourceTree = "<group>"; };
		3083A4DB246CA48400EEE2C8 /* ImagePickerManager.swift */ = {isa = PBXFileReference; lastKnownFileType = sourcecode.swift; path = ImagePickerManager.swift; sourceTree = "<group>"; };
		3083A4DD246DB54300EEE2C8 /* CustomView.swift */ = {isa = PBXFileReference; lastKnownFileType = sourcecode.swift; path = CustomView.swift; sourceTree = "<group>"; };
		3083A4DF2472260200EEE2C8 /* Strings.swift */ = {isa = PBXFileReference; lastKnownFileType = sourcecode.swift; path = Strings.swift; sourceTree = "<group>"; };
		3083A4E12472E07300EEE2C8 /* DataValidationWorker.swift */ = {isa = PBXFileReference; lastKnownFileType = sourcecode.swift; path = DataValidationWorker.swift; sourceTree = "<group>"; };
		3083E597254DEF27009B13E6 /* Store.storyboard */ = {isa = PBXFileReference; lastKnownFileType = file.storyboard; path = Store.storyboard; sourceTree = "<group>"; };
		3083E59C254DEF4E009B13E6 /* Live.storyboard */ = {isa = PBXFileReference; lastKnownFileType = file.storyboard; path = Live.storyboard; sourceTree = "<group>"; };
		3083E5A1254DEF59009B13E6 /* Chat.storyboard */ = {isa = PBXFileReference; lastKnownFileType = file.storyboard; path = Chat.storyboard; sourceTree = "<group>"; };
		3083E5A6254DF301009B13E6 /* Practice.storyboard */ = {isa = PBXFileReference; lastKnownFileType = file.storyboard; path = Practice.storyboard; sourceTree = "<group>"; };
		3083E5AE254DF940009B13E6 /* Question.storyboard */ = {isa = PBXFileReference; lastKnownFileType = file.storyboard; path = Question.storyboard; sourceTree = "<group>"; };
		3083E5B3254E0CFB009B13E6 /* UIViewController+GlobalHelpers.swift */ = {isa = PBXFileReference; lastKnownFileType = sourcecode.swift; path = "UIViewController+GlobalHelpers.swift"; sourceTree = "<group>"; };
		30872B04250E41B400D2E6EE /* TopicCell.swift */ = {isa = PBXFileReference; lastKnownFileType = sourcecode.swift; path = TopicCell.swift; sourceTree = "<group>"; };
		30872B06250E432800D2E6EE /* Topic.swift */ = {isa = PBXFileReference; lastKnownFileType = sourcecode.swift; path = Topic.swift; sourceTree = "<group>"; };
		3095C2552549F1950078F2A7 /* MainPageCoreDataStore.swift */ = {isa = PBXFileReference; lastKnownFileType = sourcecode.swift; path = MainPageCoreDataStore.swift; sourceTree = "<group>"; };
		3095C25B254A217F0078F2A7 /* QuizListPresenter.swift */ = {isa = PBXFileReference; lastKnownFileType = sourcecode.swift; path = QuizListPresenter.swift; sourceTree = "<group>"; };
		3095C25C254A217F0078F2A7 /* QuizListWorker.swift */ = {isa = PBXFileReference; lastKnownFileType = sourcecode.swift; path = QuizListWorker.swift; sourceTree = "<group>"; };
		3095C25D254A217F0078F2A7 /* QuizListRouter.swift */ = {isa = PBXFileReference; lastKnownFileType = sourcecode.swift; path = QuizListRouter.swift; sourceTree = "<group>"; };
		3095C25E254A217F0078F2A7 /* QuizListModels.swift */ = {isa = PBXFileReference; lastKnownFileType = sourcecode.swift; path = QuizListModels.swift; sourceTree = "<group>"; };
		3095C25F254A217F0078F2A7 /* QuizListViewController.swift */ = {isa = PBXFileReference; lastKnownFileType = sourcecode.swift; path = QuizListViewController.swift; sourceTree = "<group>"; };
		3095C260254A217F0078F2A7 /* QuizListInteractor.swift */ = {isa = PBXFileReference; lastKnownFileType = sourcecode.swift; path = QuizListInteractor.swift; sourceTree = "<group>"; };
		3095C26D254A21B60078F2A7 /* QuizList.storyboard */ = {isa = PBXFileReference; lastKnownFileType = file.storyboard; path = QuizList.storyboard; sourceTree = "<group>"; };
		3095C273254A24D90078F2A7 /* QuestionPresenter.swift */ = {isa = PBXFileReference; lastKnownFileType = sourcecode.swift; path = QuestionPresenter.swift; sourceTree = "<group>"; };
		3095C274254A24D90078F2A7 /* QuestionWorker.swift */ = {isa = PBXFileReference; lastKnownFileType = sourcecode.swift; path = QuestionWorker.swift; sourceTree = "<group>"; };
		3095C275254A24D90078F2A7 /* QuestionRouter.swift */ = {isa = PBXFileReference; lastKnownFileType = sourcecode.swift; path = QuestionRouter.swift; sourceTree = "<group>"; };
		3095C276254A24D90078F2A7 /* QuestionModels.swift */ = {isa = PBXFileReference; lastKnownFileType = sourcecode.swift; path = QuestionModels.swift; sourceTree = "<group>"; };
		3095C277254A24D90078F2A7 /* QuestionViewController.swift */ = {isa = PBXFileReference; lastKnownFileType = sourcecode.swift; path = QuestionViewController.swift; sourceTree = "<group>"; };
		3095C278254A24D90078F2A7 /* QuestionInteractor.swift */ = {isa = PBXFileReference; lastKnownFileType = sourcecode.swift; path = QuestionInteractor.swift; sourceTree = "<group>"; };
		309FE1642551A26B00564AE0 /* AudioRecordPresenter.swift */ = {isa = PBXFileReference; lastKnownFileType = sourcecode.swift; path = AudioRecordPresenter.swift; sourceTree = "<group>"; };
		309FE1652551A26B00564AE0 /* AudioRecordWorker.swift */ = {isa = PBXFileReference; lastKnownFileType = sourcecode.swift; path = AudioRecordWorker.swift; sourceTree = "<group>"; };
		309FE1662551A26B00564AE0 /* AudioRecordRouter.swift */ = {isa = PBXFileReference; lastKnownFileType = sourcecode.swift; path = AudioRecordRouter.swift; sourceTree = "<group>"; };
		309FE1672551A26B00564AE0 /* AudioRecordModels.swift */ = {isa = PBXFileReference; lastKnownFileType = sourcecode.swift; path = AudioRecordModels.swift; sourceTree = "<group>"; };
		309FE1682551A26B00564AE0 /* AudioRecordViewController.swift */ = {isa = PBXFileReference; lastKnownFileType = sourcecode.swift; path = AudioRecordViewController.swift; sourceTree = "<group>"; };
		309FE1692551A26B00564AE0 /* AudioRecordInteractor.swift */ = {isa = PBXFileReference; lastKnownFileType = sourcecode.swift; path = AudioRecordInteractor.swift; sourceTree = "<group>"; };
		309FE1732551A28300564AE0 /* AudioRecord.storyboard */ = {isa = PBXFileReference; lastKnownFileType = file.storyboard; path = AudioRecord.storyboard; sourceTree = "<group>"; };
		309FE1782551B07900564AE0 /* RecordManager.swift */ = {isa = PBXFileReference; lastKnownFileType = sourcecode.swift; path = RecordManager.swift; sourceTree = "<group>"; };
		30F8BE402528C4C50059417A /* TutorListPresenter.swift */ = {isa = PBXFileReference; lastKnownFileType = sourcecode.swift; path = TutorListPresenter.swift; sourceTree = "<group>"; };
		30F8BE412528C4C50059417A /* TutorListWorker.swift */ = {isa = PBXFileReference; lastKnownFileType = sourcecode.swift; path = TutorListWorker.swift; sourceTree = "<group>"; };
		30F8BE422528C4C50059417A /* TutorListRouter.swift */ = {isa = PBXFileReference; lastKnownFileType = sourcecode.swift; path = TutorListRouter.swift; sourceTree = "<group>"; };
		30F8BE432528C4C50059417A /* TutorListModels.swift */ = {isa = PBXFileReference; lastKnownFileType = sourcecode.swift; path = TutorListModels.swift; sourceTree = "<group>"; };
		30F8BE442528C4C50059417A /* TutorListViewController.swift */ = {isa = PBXFileReference; lastKnownFileType = sourcecode.swift; path = TutorListViewController.swift; sourceTree = "<group>"; };
		30F8BE452528C4C50059417A /* TutorListInteractor.swift */ = {isa = PBXFileReference; lastKnownFileType = sourcecode.swift; path = TutorListInteractor.swift; sourceTree = "<group>"; };
		30F8BE4F2528C5090059417A /* TutorList.storyboard */ = {isa = PBXFileReference; lastKnownFileType = file.storyboard; path = TutorList.storyboard; sourceTree = "<group>"; };
		41972351D4544088E9047F88 /* Pods-AcaBase.release.xcconfig */ = {isa = PBXFileReference; includeInIndex = 1; lastKnownFileType = text.xcconfig; name = "Pods-AcaBase.release.xcconfig"; path = "Target Support Files/Pods-AcaBase/Pods-AcaBase.release.xcconfig"; sourceTree = "<group>"; };
		5B1B7CFB2263F72134078256 /* Pods-AcaBaseUITests.debug.xcconfig */ = {isa = PBXFileReference; includeInIndex = 1; lastKnownFileType = text.xcconfig; name = "Pods-AcaBaseUITests.debug.xcconfig"; path = "Target Support Files/Pods-AcaBaseUITests/Pods-AcaBaseUITests.debug.xcconfig"; sourceTree = "<group>"; };
		8A82A2FB947AEDAC2C20A8B5 /* Pods-AcaBaseUITests.release.xcconfig */ = {isa = PBXFileReference; includeInIndex = 1; lastKnownFileType = text.xcconfig; name = "Pods-AcaBaseUITests.release.xcconfig"; path = "Target Support Files/Pods-AcaBaseUITests/Pods-AcaBaseUITests.release.xcconfig"; sourceTree = "<group>"; };
		A7C1AE499ED568E8285712C6 /* Pods-AcaBaseTests.debug.xcconfig */ = {isa = PBXFileReference; includeInIndex = 1; lastKnownFileType = text.xcconfig; name = "Pods-AcaBaseTests.debug.xcconfig"; path = "Target Support Files/Pods-AcaBaseTests/Pods-AcaBaseTests.debug.xcconfig"; sourceTree = "<group>"; };
		AC8C062BCE194DD30CC3A562 /* libPods-AcaBaseTests.a */ = {isa = PBXFileReference; explicitFileType = archive.ar; includeInIndex = 0; path = "libPods-AcaBaseTests.a"; sourceTree = BUILT_PRODUCTS_DIR; };
		E0BC825201CACE0536D60618 /* Pods-AcaBaseTests.release.xcconfig */ = {isa = PBXFileReference; includeInIndex = 1; lastKnownFileType = text.xcconfig; name = "Pods-AcaBaseTests.release.xcconfig"; path = "Target Support Files/Pods-AcaBaseTests/Pods-AcaBaseTests.release.xcconfig"; sourceTree = "<group>"; };
		E5906901FA5016DC76F23FED /* libPods-AcaBaseUITests.a */ = {isa = PBXFileReference; explicitFileType = archive.ar; includeInIndex = 0; path = "libPods-AcaBaseUITests.a"; sourceTree = BUILT_PRODUCTS_DIR; };
/* End PBXFileReference section */

/* Begin PBXFrameworksBuildPhase section */
		303139D8245C4DB4005EEF87 /* Frameworks */ = {
			isa = PBXFrameworksBuildPhase;
			buildActionMask = 2147483647;
			files = (
				E4D1E5B2FDB80F93305209FC /* libPods-AcaBase.a in Frameworks */,
			);
			runOnlyForDeploymentPostprocessing = 0;
		};
		303139F1245C4DB7005EEF87 /* Frameworks */ = {
			isa = PBXFrameworksBuildPhase;
			buildActionMask = 2147483647;
			files = (
				AA473CEBF170754F8EC9456C /* libPods-AcaBaseTests.a in Frameworks */,
			);
			runOnlyForDeploymentPostprocessing = 0;
		};
		303139FC245C4DB8005EEF87 /* Frameworks */ = {
			isa = PBXFrameworksBuildPhase;
			buildActionMask = 2147483647;
			files = (
				51683FFD1B9F193EA06AB7DB /* libPods-AcaBaseUITests.a in Frameworks */,
			);
			runOnlyForDeploymentPostprocessing = 0;
		};
/* End PBXFrameworksBuildPhase section */

/* Begin PBXGroup section */
		300E9A24252E6DA400E37E11 /* ViewController+Helpers */ = {
			isa = PBXGroup;
			children = (
				300E9A25252E6DD800E37E11 /* TutorListViewController+UIHelpers.swift */,
				3083E5B3254E0CFB009B13E6 /* UIViewController+GlobalHelpers.swift */,
			);
			path = "ViewController+Helpers";
			sourceTree = "<group>";
		};
		3019FD0E25210810004C259E /* TutorDetails */ = {
			isa = PBXGroup;
			children = (
				3019FCFF252107F9004C259E /* TutorPresenter.swift */,
				3019FD00252107F9004C259E /* TutorWorker.swift */,
				3019FD01252107F9004C259E /* TutorRouter.swift */,
				3019FD02252107F9004C259E /* TutorModels.swift */,
				3019FD03252107F9004C259E /* TutorViewController.swift */,
				3019FD04252107F9004C259E /* TutorInteractor.swift */,
				306683BC251D4FF6004F8797 /* Tutor.storyboard */,
			);
			path = TutorDetails;
			sourceTree = "<group>";
		};
		303139D2245C4DB4005EEF87 = {
			isa = PBXGroup;
			children = (
				303139DD245C4DB4005EEF87 /* AcaBase */,
				303139F7245C4DB8005EEF87 /* AcaBaseTests */,
				30313A02245C4DB8005EEF87 /* AcaBaseUITests */,
				303139DC245C4DB4005EEF87 /* Products */,
				C6B2879809C48A5DD34651FB /* Pods */,
				B95F9307C9A9FA2510736A02 /* Frameworks */,
			);
			sourceTree = "<group>";
		};
		303139DC245C4DB4005EEF87 /* Products */ = {
			isa = PBXGroup;
			children = (
				303139DB245C4DB4005EEF87 /* AcaBase.app */,
				303139F4245C4DB7005EEF87 /* AcaBaseTests.xctest */,
				303139FF245C4DB8005EEF87 /* AcaBaseUITests.xctest */,
			);
			name = Products;
			sourceTree = "<group>";
		};
		303139DD245C4DB4005EEF87 /* AcaBase */ = {
			isa = PBXGroup;
			children = (
				303139DE245C4DB5005EEF87 /* AppDelegate.swift */,
				303139E0245C4DB5005EEF87 /* SceneDelegate.swift */,
				3083A4DA246CA45100EEE2C8 /* Helpers */,
				30775AAE245CD09300677FE5 /* Models */,
				30775AAC245CD08200677FE5 /* Services */,
				30775AAD245CD08900677FE5 /* Workers */,
				30313A1E245C50E7005EEF87 /* Scenes */,
				303139E4245C4DB5005EEF87 /* Main.storyboard */,
				3083E597254DEF27009B13E6 /* Store.storyboard */,
				3083E59C254DEF4E009B13E6 /* Live.storyboard */,
				3083E5A6254DF301009B13E6 /* Practice.storyboard */,
				3083E5A1254DEF59009B13E6 /* Chat.storyboard */,
				303139EA245C4DB7005EEF87 /* Assets.xcassets */,
				303139EC245C4DB7005EEF87 /* LaunchScreen.storyboard */,
				303139EF245C4DB7005EEF87 /* Info.plist */,
				303139E7245C4DB5005EEF87 /* AcaBase.xcdatamodeld */,
			);
			path = AcaBase;
			sourceTree = "<group>";
		};
		303139F7245C4DB8005EEF87 /* AcaBaseTests */ = {
			isa = PBXGroup;
			children = (
				303139F8245C4DB8005EEF87 /* AcaBaseTests.swift */,
				30313A27245C5197005EEF87 /* Scenes */,
				303139FA245C4DB8005EEF87 /* Info.plist */,
			);
			path = AcaBaseTests;
			sourceTree = "<group>";
		};
		30313A02245C4DB8005EEF87 /* AcaBaseUITests */ = {
			isa = PBXGroup;
			children = (
				30313A03245C4DB8005EEF87 /* AcaBaseUITests.swift */,
				30313A05245C4DB8005EEF87 /* Info.plist */,
			);
			path = AcaBaseUITests;
			sourceTree = "<group>";
		};
		30313A1D245C50DA005EEF87 /* Splash */ = {
			isa = PBXGroup;
			children = (
				30313A11245C50CE005EEF87 /* SplashPresenter.swift */,
				30313A12245C50CE005EEF87 /* SplashWorker.swift */,
				30313A13245C50CE005EEF87 /* SplashRouter.swift */,
				30313A14245C50CE005EEF87 /* SplashModels.swift */,
				30313A15245C50CE005EEF87 /* SplashViewController.swift */,
				30313A16245C50CE005EEF87 /* SplashInteractor.swift */,
			);
			path = Splash;
			sourceTree = "<group>";
		};
		30313A1E245C50E7005EEF87 /* Scenes */ = {
			isa = PBXGroup;
			children = (
				309FE1632551A24C00564AE0 /* AudioRecord */,
				3095C272254A24B00078F2A7 /* Question */,
				3095C25A254A215C0078F2A7 /* QuizList */,
				30F8BE3F2528C4870059417A /* AllTutors */,
				3019FD0E25210810004C259E /* TutorDetails */,
				307A2F102496730100F15F3C /* Home */,
				30313A1D245C50DA005EEF87 /* Splash */,
				30313A29245C5972005EEF87 /* Login */,
				30313A36245C66BE005EEF87 /* Subscribe */,
			);
			path = Scenes;
			sourceTree = "<group>";
		};
		30313A27245C5197005EEF87 /* Scenes */ = {
			isa = PBXGroup;
			children = (
				30313A28245C51A3005EEF87 /* Splash */,
			);
			path = Scenes;
			sourceTree = "<group>";
		};
		30313A28245C51A3005EEF87 /* Splash */ = {
			isa = PBXGroup;
			children = (
				30313A1F245C5192005EEF87 /* SplashViewControllerTests.swift */,
				30313A20245C5192005EEF87 /* SplashInteractorTests.swift */,
				30313A21245C5192005EEF87 /* SplashWorkerTests.swift */,
				30313A22245C5192005EEF87 /* SplashPresenterTests.swift */,
			);
			path = Splash;
			sourceTree = "<group>";
		};
		30313A29245C5972005EEF87 /* Login */ = {
			isa = PBXGroup;
			children = (
				30313A2A245C5998005EEF87 /* LoginPresenter.swift */,
				30313A2B245C5998005EEF87 /* LoginWorker.swift */,
				30313A2C245C5998005EEF87 /* LoginRouter.swift */,
				30313A2D245C5998005EEF87 /* LoginModels.swift */,
				30313A2E245C5998005EEF87 /* LoginViewController.swift */,
				30313A2F245C5998005EEF87 /* LoginInteractor.swift */,
			);
			path = Login;
			sourceTree = "<group>";
		};
		30313A36245C66BE005EEF87 /* Subscribe */ = {
			isa = PBXGroup;
			children = (
				30313A37245C66D3005EEF87 /* SubscribePresenter.swift */,
				30313A38245C66D3005EEF87 /* SubscribeWorker.swift */,
				30313A39245C66D3005EEF87 /* SubscribeRouter.swift */,
				30313A3A245C66D3005EEF87 /* SubscribeModels.swift */,
				30313A3B245C66D3005EEF87 /* SubscribeViewController.swift */,
				30313A3C245C66D3005EEF87 /* SubscribeInteractor.swift */,
			);
			path = Subscribe;
			sourceTree = "<group>";
		};
		3043BBD625093A8B005AB2A1 /* User */ = {
			isa = PBXGroup;
			children = (
				30775AB1245CD0DC00677FE5 /* UserCoreDataStore.swift */,
				30775AB7245DA8EC00677FE5 /* UserAPI.swift */,
			);
			path = User;
			sourceTree = "<group>";
		};
		3043BBD725093ACB005AB2A1 /* Main Page */ = {
			isa = PBXGroup;
			children = (
				3043BBD825093AF0005AB2A1 /* MainPageAPI.swift */,
				3095C2552549F1950078F2A7 /* MainPageCoreDataStore.swift */,
			);
			path = "Main Page";
			sourceTree = "<group>";
		};
		3043BBDA25093B6B005AB2A1 /* View Helpers */ = {
			isa = PBXGroup;
			children = (
				3063552A254ED402005AAAB2 /* Fonts */,
				300E9A24252E6DA400E37E11 /* ViewController+Helpers */,
				306BD8212545955E0078A041 /* RatingView */,
				3083A4DB246CA48400EEE2C8 /* ImagePickerManager.swift */,
				3043BBE025094E7D005AB2A1 /* UIImageView+Helpers .swift */,
				3083A4DD246DB54300EEE2C8 /* CustomView.swift */,
				3083A4DF2472260200EEE2C8 /* Strings.swift */,
				3078CC87247F7344009BB013 /* UIViewController+Helpers.swift */,
				3078CC8924814AEE009BB013 /* UIAlertController+Helpers.swift */,
				3043BBE4250D7157005AB2A1 /* UIColor+CustomColors.swift */,
				3043BBE6250D7EFF005AB2A1 /* UINavigationController+Helpers.swift */,
			);
			path = "View Helpers";
			sourceTree = "<group>";
		};
		3043BBDD25094B4E005AB2A1 /* Cells */ = {
			isa = PBXGroup;
			children = (
				3043BBDE25094B7E005AB2A1 /* TrainerCell.swift */,
				30872B04250E41B400D2E6EE /* TopicCell.swift */,
			);
			path = Cells;
			sourceTree = "<group>";
		};
		3063552A254ED402005AAAB2 /* Fonts */ = {
			isa = PBXGroup;
			children = (
				30635536254ED41F005AAAB2 /* Roboto-Black.ttf */,
				3063552D254ED41E005AAAB2 /* Roboto-BlackItalic.ttf */,
				30635534254ED41F005AAAB2 /* Roboto-Bold.ttf */,
				30635531254ED41F005AAAB2 /* Roboto-BoldItalic.ttf */,
				3063552C254ED41E005AAAB2 /* Roboto-Italic.ttf */,
				30635532254ED41F005AAAB2 /* Roboto-Light.ttf */,
				3063552F254ED41F005AAAB2 /* Roboto-LightItalic.ttf */,
				30635530254ED41F005AAAB2 /* Roboto-Medium.ttf */,
				30635535254ED41F005AAAB2 /* Roboto-MediumItalic.ttf */,
				30635533254ED41F005AAAB2 /* Roboto-Regular.ttf */,
				3063552B254ED41E005AAAB2 /* Roboto-Thin.ttf */,
				3063552E254ED41E005AAAB2 /* Roboto-ThinItalic.ttf */,
			);
			path = Fonts;
			sourceTree = "<group>";
		};
		306BD8212545955E0078A041 /* RatingView */ = {
			isa = PBXGroup;
			children = (
				306BD817254592540078A041 /* RatingView.swift */,
				306BD81C254595500078A041 /* RatingView.xib */,
			);
			path = RatingView;
			sourceTree = "<group>";
		};
		30775AAC245CD08200677FE5 /* Services */ = {
			isa = PBXGroup;
			children = (
				3043BBD725093ACB005AB2A1 /* Main Page */,
				3043BBD625093A8B005AB2A1 /* User */,
				30775AB3245CD21200677FE5 /* CoreDataStore.swift */,
			);
			path = Services;
			sourceTree = "<group>";
		};
		30775AAD245CD08900677FE5 /* Workers */ = {
			isa = PBXGroup;
			children = (
				30775AAF245CD0B700677FE5 /* UserWorker.swift */,
				3043BBD4250939CE005AB2A1 /* MainPageWorker.swift */,
				3083A4E12472E07300EEE2C8 /* DataValidationWorker.swift */,
			);
			path = Workers;
			sourceTree = "<group>";
		};
		30775AAE245CD09300677FE5 /* Models */ = {
			isa = PBXGroup;
			children = (
				30775AB9245F44A900677FE5 /* ManagedUser+CoreDataClass.swift */,
				30775ABA245F44A900677FE5 /* ManagedUser+CoreDataProperties.swift */,
				30775AB5245CD84100677FE5 /* User.swift */,
				3043BBCE25093681005AB2A1 /* Trainer.swift */,
				30872B06250E432800D2E6EE /* Topic.swift */,
				3043BBD025093890005AB2A1 /* Subject.swift */,
				3043BBD2250938E2005AB2A1 /* feedback.swift */,
				301A6C8A2551CD6000452289 /* Attachement.swift */,
			);
			path = Models;
			sourceTree = "<group>";
		};
		307A2F102496730100F15F3C /* Home */ = {
			isa = PBXGroup;
			children = (
				3043BBDD25094B4E005AB2A1 /* Cells */,
				307A2F04249672F500F15F3C /* HomePresenter.swift */,
				307A2F05249672F500F15F3C /* HomeWorker.swift */,
				307A2F06249672F500F15F3C /* HomeRouter.swift */,
				307A2F07249672F500F15F3C /* HomeModels.swift */,
				307A2F08249672F500F15F3C /* HomeViewController.swift */,
				307A2F09249672F500F15F3C /* HomeInteractor.swift */,
				3078CC8B2482CD4E009BB013 /* Home.storyboard */,
			);
			path = Home;
			sourceTree = "<group>";
		};
		3081B9E62550879B003A7C99 /* Cells */ = {
			isa = PBXGroup;
			children = (
				3081B9E7255087E8003A7C99 /* AttachementCell.swift */,
				3081B9EC2550883D003A7C99 /* RecordingCell.swift */,
				3081B9F125508CC0003A7C99 /* ImageCell.swift */,
			);
			path = Cells;
			sourceTree = "<group>";
		};
		3083A4DA246CA45100EEE2C8 /* Helpers */ = {
			isa = PBXGroup;
			children = (
				3043BBDA25093B6B005AB2A1 /* View Helpers */,
				3043BBDB25093B91005AB2A1 /* Endpoints.swift */,
				300E9A2A252E878600E37E11 /* HelperFunctions.swift */,
				309FE1782551B07900564AE0 /* RecordManager.swift */,
			);
			path = Helpers;
			sourceTree = "<group>";
		};
		3095C25A254A215C0078F2A7 /* QuizList */ = {
			isa = PBXGroup;
			children = (
				3095C25B254A217F0078F2A7 /* QuizListPresenter.swift */,
				3095C25C254A217F0078F2A7 /* QuizListWorker.swift */,
				3095C25D254A217F0078F2A7 /* QuizListRouter.swift */,
				3095C25E254A217F0078F2A7 /* QuizListModels.swift */,
				3095C25F254A217F0078F2A7 /* QuizListViewController.swift */,
				3095C260254A217F0078F2A7 /* QuizListInteractor.swift */,
				3095C26D254A21B60078F2A7 /* QuizList.storyboard */,
			);
			path = QuizList;
			sourceTree = "<group>";
		};
		3095C272254A24B00078F2A7 /* Question */ = {
			isa = PBXGroup;
			children = (
				3081B9E62550879B003A7C99 /* Cells */,
				3095C273254A24D90078F2A7 /* QuestionPresenter.swift */,
				3095C274254A24D90078F2A7 /* QuestionWorker.swift */,
				3095C275254A24D90078F2A7 /* QuestionRouter.swift */,
				3095C276254A24D90078F2A7 /* QuestionModels.swift */,
				3095C277254A24D90078F2A7 /* QuestionViewController.swift */,
				3095C278254A24D90078F2A7 /* QuestionInteractor.swift */,
				3083E5AE254DF940009B13E6 /* Question.storyboard */,
			);
			path = Question;
			sourceTree = "<group>";
		};
		309FE1632551A24C00564AE0 /* AudioRecord */ = {
			isa = PBXGroup;
			children = (
				309FE1642551A26B00564AE0 /* AudioRecordPresenter.swift */,
				309FE1652551A26B00564AE0 /* AudioRecordWorker.swift */,
				309FE1662551A26B00564AE0 /* AudioRecordRouter.swift */,
				309FE1672551A26B00564AE0 /* AudioRecordModels.swift */,
				309FE1682551A26B00564AE0 /* AudioRecordViewController.swift */,
				309FE1692551A26B00564AE0 /* AudioRecordInteractor.swift */,
				309FE1732551A28300564AE0 /* AudioRecord.storyboard */,
			);
			path = AudioRecord;
			sourceTree = "<group>";
		};
		30F8BE3F2528C4870059417A /* AllTutors */ = {
			isa = PBXGroup;
			children = (
				30F8BE402528C4C50059417A /* TutorListPresenter.swift */,
				30F8BE412528C4C50059417A /* TutorListWorker.swift */,
				30F8BE422528C4C50059417A /* TutorListRouter.swift */,
				30F8BE432528C4C50059417A /* TutorListModels.swift */,
				30F8BE442528C4C50059417A /* TutorListViewController.swift */,
				30F8BE452528C4C50059417A /* TutorListInteractor.swift */,
				30F8BE4F2528C5090059417A /* TutorList.storyboard */,
			);
			path = AllTutors;
			sourceTree = "<group>";
		};
		B95F9307C9A9FA2510736A02 /* Frameworks */ = {
			isa = PBXGroup;
			children = (
				260DBC0908F80714B48D644A /* libPods-AcaBase.a */,
				AC8C062BCE194DD30CC3A562 /* libPods-AcaBaseTests.a */,
				E5906901FA5016DC76F23FED /* libPods-AcaBaseUITests.a */,
			);
			name = Frameworks;
			sourceTree = "<group>";
		};
		C6B2879809C48A5DD34651FB /* Pods */ = {
			isa = PBXGroup;
			children = (
				02A2602EC87E343B44F096C7 /* Pods-AcaBase.debug.xcconfig */,
				41972351D4544088E9047F88 /* Pods-AcaBase.release.xcconfig */,
				A7C1AE499ED568E8285712C6 /* Pods-AcaBaseTests.debug.xcconfig */,
				E0BC825201CACE0536D60618 /* Pods-AcaBaseTests.release.xcconfig */,
				5B1B7CFB2263F72134078256 /* Pods-AcaBaseUITests.debug.xcconfig */,
				8A82A2FB947AEDAC2C20A8B5 /* Pods-AcaBaseUITests.release.xcconfig */,
			);
			path = Pods;
			sourceTree = "<group>";
		};
/* End PBXGroup section */

/* Begin PBXNativeTarget section */
		303139DA245C4DB4005EEF87 /* AcaBase */ = {
			isa = PBXNativeTarget;
			buildConfigurationList = 30313A08245C4DB8005EEF87 /* Build configuration list for PBXNativeTarget "AcaBase" */;
			buildPhases = (
				C4D09FA6484A3E958F27C15B /* [CP] Check Pods Manifest.lock */,
				303139D7245C4DB4005EEF87 /* Sources */,
				303139D8245C4DB4005EEF87 /* Frameworks */,
				303139D9245C4DB4005EEF87 /* Resources */,
			);
			buildRules = (
			);
			dependencies = (
			);
			name = AcaBase;
			productName = AcaBase;
			productReference = 303139DB245C4DB4005EEF87 /* AcaBase.app */;
			productType = "com.apple.product-type.application";
		};
		303139F3245C4DB7005EEF87 /* AcaBaseTests */ = {
			isa = PBXNativeTarget;
			buildConfigurationList = 30313A0B245C4DB8005EEF87 /* Build configuration list for PBXNativeTarget "AcaBaseTests" */;
			buildPhases = (
				0C9EC6B409CC82E1BCBFF1B6 /* [CP] Check Pods Manifest.lock */,
				303139F0245C4DB7005EEF87 /* Sources */,
				303139F1245C4DB7005EEF87 /* Frameworks */,
				303139F2245C4DB7005EEF87 /* Resources */,
			);
			buildRules = (
			);
			dependencies = (
				303139F6245C4DB8005EEF87 /* PBXTargetDependency */,
			);
			name = AcaBaseTests;
			productName = AcaBaseTests;
			productReference = 303139F4245C4DB7005EEF87 /* AcaBaseTests.xctest */;
			productType = "com.apple.product-type.bundle.unit-test";
		};
		303139FE245C4DB8005EEF87 /* AcaBaseUITests */ = {
			isa = PBXNativeTarget;
			buildConfigurationList = 30313A0E245C4DB8005EEF87 /* Build configuration list for PBXNativeTarget "AcaBaseUITests" */;
			buildPhases = (
				86D23E89B9E4887DE964958B /* [CP] Check Pods Manifest.lock */,
				303139FB245C4DB8005EEF87 /* Sources */,
				303139FC245C4DB8005EEF87 /* Frameworks */,
				303139FD245C4DB8005EEF87 /* Resources */,
			);
			buildRules = (
			);
			dependencies = (
				30313A01245C4DB8005EEF87 /* PBXTargetDependency */,
			);
			name = AcaBaseUITests;
			productName = AcaBaseUITests;
			productReference = 303139FF245C4DB8005EEF87 /* AcaBaseUITests.xctest */;
			productType = "com.apple.product-type.bundle.ui-testing";
		};
/* End PBXNativeTarget section */

/* Begin PBXProject section */
		303139D3245C4DB4005EEF87 /* Project object */ = {
			isa = PBXProject;
			attributes = {
				LastSwiftUpdateCheck = 1130;
				LastUpgradeCheck = 1130;
				ORGANIZATIONNAME = "Seif eddinne meddeb";
				TargetAttributes = {
					303139DA245C4DB4005EEF87 = {
						CreatedOnToolsVersion = 11.3.1;
					};
					303139F3245C4DB7005EEF87 = {
						CreatedOnToolsVersion = 11.3.1;
						TestTargetID = 303139DA245C4DB4005EEF87;
					};
					303139FE245C4DB8005EEF87 = {
						CreatedOnToolsVersion = 11.3.1;
						TestTargetID = 303139DA245C4DB4005EEF87;
					};
				};
			};
			buildConfigurationList = 303139D6245C4DB4005EEF87 /* Build configuration list for PBXProject "AcaBase" */;
			compatibilityVersion = "Xcode 9.3";
			developmentRegion = en;
			hasScannedForEncodings = 0;
			knownRegions = (
				en,
				Base,
			);
			mainGroup = 303139D2245C4DB4005EEF87;
			productRefGroup = 303139DC245C4DB4005EEF87 /* Products */;
			projectDirPath = "";
			projectRoot = "";
			targets = (
				303139DA245C4DB4005EEF87 /* AcaBase */,
				303139F3245C4DB7005EEF87 /* AcaBaseTests */,
				303139FE245C4DB8005EEF87 /* AcaBaseUITests */,
			);
		};
/* End PBXProject section */

/* Begin PBXResourcesBuildPhase section */
		303139D9245C4DB4005EEF87 /* Resources */ = {
			isa = PBXResourcesBuildPhase;
			buildActionMask = 2147483647;
			files = (
				309FE1742551A28300564AE0 /* AudioRecord.storyboard in Resources */,
				30635537254ED41F005AAAB2 /* Roboto-Thin.ttf in Resources */,
				303139EE245C4DB7005EEF87 /* LaunchScreen.storyboard in Resources */,
				30635540254ED41F005AAAB2 /* Roboto-Bold.ttf in Resources */,
				3083E5A2254DEF59009B13E6 /* Chat.storyboard in Resources */,
				30635541254ED41F005AAAB2 /* Roboto-MediumItalic.ttf in Resources */,
				303139EB245C4DB7005EEF87 /* Assets.xcassets in Resources */,
				303139E6245C4DB5005EEF87 /* Main.storyboard in Resources */,
				30F8BE502528C5090059417A /* TutorList.storyboard in Resources */,
				306BD81D254595500078A041 /* RatingView.xib in Resources */,
				30635539254ED41F005AAAB2 /* Roboto-BlackItalic.ttf in Resources */,
				30635538254ED41F005AAAB2 /* Roboto-Italic.ttf in Resources */,
				3063553C254ED41F005AAAB2 /* Roboto-Medium.ttf in Resources */,
				306683BD251D4FF6004F8797 /* Tutor.storyboard in Resources */,
				3063553E254ED41F005AAAB2 /* Roboto-Light.ttf in Resources */,
				3063553F254ED41F005AAAB2 /* Roboto-Regular.ttf in Resources */,
				3063553A254ED41F005AAAB2 /* Roboto-ThinItalic.ttf in Resources */,
				3083E598254DEF27009B13E6 /* Store.storyboard in Resources */,
				3078CC8C2482CD4E009BB013 /* Home.storyboard in Resources */,
				3083E5AF254DF940009B13E6 /* Question.storyboard in Resources */,
				3063553B254ED41F005AAAB2 /* Roboto-LightItalic.ttf in Resources */,
				3083E5A7254DF301009B13E6 /* Practice.storyboard in Resources */,
				3083E59D254DEF4E009B13E6 /* Live.storyboard in Resources */,
				30635542254ED41F005AAAB2 /* Roboto-Black.ttf in Resources */,
				3063553D254ED41F005AAAB2 /* Roboto-BoldItalic.ttf in Resources */,
				3095C26E254A21B60078F2A7 /* QuizList.storyboard in Resources */,
			);
			runOnlyForDeploymentPostprocessing = 0;
		};
		303139F2245C4DB7005EEF87 /* Resources */ = {
			isa = PBXResourcesBuildPhase;
			buildActionMask = 2147483647;
			files = (
			);
			runOnlyForDeploymentPostprocessing = 0;
		};
		303139FD245C4DB8005EEF87 /* Resources */ = {
			isa = PBXResourcesBuildPhase;
			buildActionMask = 2147483647;
			files = (
			);
			runOnlyForDeploymentPostprocessing = 0;
		};
/* End PBXResourcesBuildPhase section */

/* Begin PBXShellScriptBuildPhase section */
		0C9EC6B409CC82E1BCBFF1B6 /* [CP] Check Pods Manifest.lock */ = {
			isa = PBXShellScriptBuildPhase;
			buildActionMask = 2147483647;
			files = (
			);
			inputFileListPaths = (
			);
			inputPaths = (
				"${PODS_PODFILE_DIR_PATH}/Podfile.lock",
				"${PODS_ROOT}/Manifest.lock",
			);
			name = "[CP] Check Pods Manifest.lock";
			outputFileListPaths = (
			);
			outputPaths = (
				"$(DERIVED_FILE_DIR)/Pods-AcaBaseTests-checkManifestLockResult.txt",
			);
			runOnlyForDeploymentPostprocessing = 0;
			shellPath = /bin/sh;
			shellScript = "diff \"${PODS_PODFILE_DIR_PATH}/Podfile.lock\" \"${PODS_ROOT}/Manifest.lock\" > /dev/null\nif [ $? != 0 ] ; then\n    # print error to STDERR\n    echo \"error: The sandbox is not in sync with the Podfile.lock. Run 'pod install' or update your CocoaPods installation.\" >&2\n    exit 1\nfi\n# This output is used by Xcode 'outputs' to avoid re-running this script phase.\necho \"SUCCESS\" > \"${SCRIPT_OUTPUT_FILE_0}\"\n";
			showEnvVarsInLog = 0;
		};
		86D23E89B9E4887DE964958B /* [CP] Check Pods Manifest.lock */ = {
			isa = PBXShellScriptBuildPhase;
			buildActionMask = 2147483647;
			files = (
			);
			inputFileListPaths = (
			);
			inputPaths = (
				"${PODS_PODFILE_DIR_PATH}/Podfile.lock",
				"${PODS_ROOT}/Manifest.lock",
			);
			name = "[CP] Check Pods Manifest.lock";
			outputFileListPaths = (
			);
			outputPaths = (
				"$(DERIVED_FILE_DIR)/Pods-AcaBaseUITests-checkManifestLockResult.txt",
			);
			runOnlyForDeploymentPostprocessing = 0;
			shellPath = /bin/sh;
			shellScript = "diff \"${PODS_PODFILE_DIR_PATH}/Podfile.lock\" \"${PODS_ROOT}/Manifest.lock\" > /dev/null\nif [ $? != 0 ] ; then\n    # print error to STDERR\n    echo \"error: The sandbox is not in sync with the Podfile.lock. Run 'pod install' or update your CocoaPods installation.\" >&2\n    exit 1\nfi\n# This output is used by Xcode 'outputs' to avoid re-running this script phase.\necho \"SUCCESS\" > \"${SCRIPT_OUTPUT_FILE_0}\"\n";
			showEnvVarsInLog = 0;
		};
		C4D09FA6484A3E958F27C15B /* [CP] Check Pods Manifest.lock */ = {
			isa = PBXShellScriptBuildPhase;
			buildActionMask = 2147483647;
			files = (
			);
			inputFileListPaths = (
			);
			inputPaths = (
				"${PODS_PODFILE_DIR_PATH}/Podfile.lock",
				"${PODS_ROOT}/Manifest.lock",
			);
			name = "[CP] Check Pods Manifest.lock";
			outputFileListPaths = (
			);
			outputPaths = (
				"$(DERIVED_FILE_DIR)/Pods-AcaBase-checkManifestLockResult.txt",
			);
			runOnlyForDeploymentPostprocessing = 0;
			shellPath = /bin/sh;
			shellScript = "diff \"${PODS_PODFILE_DIR_PATH}/Podfile.lock\" \"${PODS_ROOT}/Manifest.lock\" > /dev/null\nif [ $? != 0 ] ; then\n    # print error to STDERR\n    echo \"error: The sandbox is not in sync with the Podfile.lock. Run 'pod install' or update your CocoaPods installation.\" >&2\n    exit 1\nfi\n# This output is used by Xcode 'outputs' to avoid re-running this script phase.\necho \"SUCCESS\" > \"${SCRIPT_OUTPUT_FILE_0}\"\n";
			showEnvVarsInLog = 0;
		};
/* End PBXShellScriptBuildPhase section */

/* Begin PBXSourcesBuildPhase section */
		303139D7245C4DB4005EEF87 /* Sources */ = {
			isa = PBXSourcesBuildPhase;
			buildActionMask = 2147483647;
			files = (
				30F8BE472528C4C50059417A /* TutorListWorker.swift in Sources */,
				30313A34245C5998005EEF87 /* LoginViewController.swift in Sources */,
				3043BBCF25093681005AB2A1 /* Trainer.swift in Sources */,
				30313A31245C5998005EEF87 /* LoginWorker.swift in Sources */,
				30F8BE482528C4C50059417A /* TutorListRouter.swift in Sources */,
				309FE16C2551A26B00564AE0 /* AudioRecordRouter.swift in Sources */,
				301A6C8B2551CD6000452289 /* Attachement.swift in Sources */,
				3081B9F225508CC0003A7C99 /* ImageCell.swift in Sources */,
				303139E9245C4DB5005EEF87 /* AcaBase.xcdatamodeld in Sources */,
				3095C261254A217F0078F2A7 /* QuizListPresenter.swift in Sources */,
				3043BBE7250D7EFF005AB2A1 /* UINavigationController+Helpers.swift in Sources */,
				307A2F0F249672F500F15F3C /* HomeInteractor.swift in Sources */,
				3019FD05252107F9004C259E /* TutorPresenter.swift in Sources */,
				3019FCF82520F36E004C259E /* CustomView.swift in Sources */,
				306BD818254592540078A041 /* RatingView.swift in Sources */,
				30775AB8245DA8EC00677FE5 /* UserAPI.swift in Sources */,
				3019FD0A252107F9004C259E /* TutorInteractor.swift in Sources */,
				30775AB6245CD84100677FE5 /* User.swift in Sources */,
				30313A32245C5998005EEF87 /* LoginRouter.swift in Sources */,
				3083E5B4254E0CFB009B13E6 /* UIViewController+GlobalHelpers.swift in Sources */,
				307A2F0C249672F500F15F3C /* HomeRouter.swift in Sources */,
				30313A19245C50CE005EEF87 /* SplashRouter.swift in Sources */,
				3043BBDF25094B7E005AB2A1 /* TrainerCell.swift in Sources */,
				30775ABB245F44A900677FE5 /* ManagedUser+CoreDataClass.swift in Sources */,
				3043BBD3250938E2005AB2A1 /* feedback.swift in Sources */,
				3081B9E8255087E8003A7C99 /* AttachementCell.swift in Sources */,
				3043BBDC25093B91005AB2A1 /* Endpoints.swift in Sources */,
				30313A40245C66D3005EEF87 /* SubscribeModels.swift in Sources */,
				3043BBE5250D7157005AB2A1 /* UIColor+CustomColors.swift in Sources */,
				30F8BE4B2528C4C50059417A /* TutorListInteractor.swift in Sources */,
				307A2F0D249672F500F15F3C /* HomeModels.swift in Sources */,
				309FE16B2551A26B00564AE0 /* AudioRecordWorker.swift in Sources */,
				3095C2562549F1960078F2A7 /* MainPageCoreDataStore.swift in Sources */,
				3095C266254A217F0078F2A7 /* QuizListInteractor.swift in Sources */,
				300E9A26252E6DD800E37E11 /* TutorListViewController+UIHelpers.swift in Sources */,
				3095C263254A217F0078F2A7 /* QuizListRouter.swift in Sources */,
				307A2F0E249672F500F15F3C /* HomeViewController.swift in Sources */,
				3081B9ED2550883D003A7C99 /* RecordingCell.swift in Sources */,
				30775AB4245CD21200677FE5 /* CoreDataStore.swift in Sources */,
				309FE16F2551A26B00564AE0 /* AudioRecordInteractor.swift in Sources */,
				307A2F0B249672F500F15F3C /* HomeWorker.swift in Sources */,
				30872B07250E432800D2E6EE /* Topic.swift in Sources */,
				3043BBD125093890005AB2A1 /* Subject.swift in Sources */,
				3095C27B254A24D90078F2A7 /* QuestionRouter.swift in Sources */,
				3083A4DC246CA48400EEE2C8 /* ImagePickerManager.swift in Sources */,
				309FE16A2551A26B00564AE0 /* AudioRecordPresenter.swift in Sources */,
				3083A4E02472260200EEE2C8 /* Strings.swift in Sources */,
				30775ABC245F44A900677FE5 /* ManagedUser+CoreDataProperties.swift in Sources */,
				303139DF245C4DB5005EEF87 /* AppDelegate.swift in Sources */,
				303139E1245C4DB5005EEF87 /* SceneDelegate.swift in Sources */,
				30313A30245C5998005EEF87 /* LoginPresenter.swift in Sources */,
				3095C27A254A24D90078F2A7 /* QuestionWorker.swift in Sources */,
				30313A42245C66D3005EEF87 /* SubscribeInteractor.swift in Sources */,
				30313A41245C66D3005EEF87 /* SubscribeViewController.swift in Sources */,
				3095C27D254A24D90078F2A7 /* QuestionViewController.swift in Sources */,
				3078CC88247F7344009BB013 /* UIViewController+Helpers.swift in Sources */,
				30313A35245C5998005EEF87 /* LoginInteractor.swift in Sources */,
				3095C265254A217F0078F2A7 /* QuizListViewController.swift in Sources */,
				3083A4E22472E07300EEE2C8 /* DataValidationWorker.swift in Sources */,
				30775AB0245CD0B700677FE5 /* UserWorker.swift in Sources */,
				30313A1C245C50CE005EEF87 /* SplashInteractor.swift in Sources */,
				30313A3E245C66D3005EEF87 /* SubscribeWorker.swift in Sources */,
				309FE1792551B07900564AE0 /* RecordManager.swift in Sources */,
				30313A3F245C66D3005EEF87 /* SubscribeRouter.swift in Sources */,
				30313A17245C50CE005EEF87 /* SplashPresenter.swift in Sources */,
				30F8BE492528C4C50059417A /* TutorListModels.swift in Sources */,
				30775AB2245CD0DC00677FE5 /* UserCoreDataStore.swift in Sources */,
				3019FD09252107F9004C259E /* TutorViewController.swift in Sources */,
				3019FD07252107F9004C259E /* TutorRouter.swift in Sources */,
				30F8BE4A2528C4C50059417A /* TutorListViewController.swift in Sources */,
				3095C262254A217F0078F2A7 /* QuizListWorker.swift in Sources */,
				307A2F0A249672F500F15F3C /* HomePresenter.swift in Sources */,
				3019FD06252107F9004C259E /* TutorWorker.swift in Sources */,
				3019FD08252107F9004C259E /* TutorModels.swift in Sources */,
				30F8BE462528C4C50059417A /* TutorListPresenter.swift in Sources */,
				3095C27E254A24D90078F2A7 /* QuestionInteractor.swift in Sources */,
				30313A18245C50CE005EEF87 /* SplashWorker.swift in Sources */,
				300E9A2B252E878600E37E11 /* HelperFunctions.swift in Sources */,
				30313A33245C5998005EEF87 /* LoginModels.swift in Sources */,
				3095C264254A217F0078F2A7 /* QuizListModels.swift in Sources */,
				3043BBD5250939CE005AB2A1 /* MainPageWorker.swift in Sources */,
				30313A3D245C66D3005EEF87 /* SubscribePresenter.swift in Sources */,
				309FE16E2551A26B00564AE0 /* AudioRecordViewController.swift in Sources */,
				309FE16D2551A26B00564AE0 /* AudioRecordModels.swift in Sources */,
				30313A1A245C50CE005EEF87 /* SplashModels.swift in Sources */,
				3095C279254A24D90078F2A7 /* QuestionPresenter.swift in Sources */,
				30872B05250E41B400D2E6EE /* TopicCell.swift in Sources */,
				3078CC8A24814AEE009BB013 /* UIAlertController+Helpers.swift in Sources */,
				3043BBD925093AF0005AB2A1 /* MainPageAPI.swift in Sources */,
				3095C27C254A24D90078F2A7 /* QuestionModels.swift in Sources */,
				30313A1B245C50CE005EEF87 /* SplashViewController.swift in Sources */,
				3043BBE125094E7D005AB2A1 /* UIImageView+Helpers .swift in Sources */,
			);
			runOnlyForDeploymentPostprocessing = 0;
		};
		303139F0245C4DB7005EEF87 /* Sources */ = {
			isa = PBXSourcesBuildPhase;
			buildActionMask = 2147483647;
			files = (
				303139F9245C4DB8005EEF87 /* AcaBaseTests.swift in Sources */,
				30313A26245C5192005EEF87 /* SplashPresenterTests.swift in Sources */,
				30313A24245C5192005EEF87 /* SplashInteractorTests.swift in Sources */,
				30313A25245C5192005EEF87 /* SplashWorkerTests.swift in Sources */,
				30313A23245C5192005EEF87 /* SplashViewControllerTests.swift in Sources */,
			);
			runOnlyForDeploymentPostprocessing = 0;
		};
		303139FB245C4DB8005EEF87 /* Sources */ = {
			isa = PBXSourcesBuildPhase;
			buildActionMask = 2147483647;
			files = (
				30313A04245C4DB8005EEF87 /* AcaBaseUITests.swift in Sources */,
			);
			runOnlyForDeploymentPostprocessing = 0;
		};
/* End PBXSourcesBuildPhase section */

/* Begin PBXTargetDependency section */
		303139F6245C4DB8005EEF87 /* PBXTargetDependency */ = {
			isa = PBXTargetDependency;
			target = 303139DA245C4DB4005EEF87 /* AcaBase */;
			targetProxy = 303139F5245C4DB8005EEF87 /* PBXContainerItemProxy */;
		};
		30313A01245C4DB8005EEF87 /* PBXTargetDependency */ = {
			isa = PBXTargetDependency;
			target = 303139DA245C4DB4005EEF87 /* AcaBase */;
			targetProxy = 30313A00245C4DB8005EEF87 /* PBXContainerItemProxy */;
		};
/* End PBXTargetDependency section */

/* Begin PBXVariantGroup section */
		303139E4245C4DB5005EEF87 /* Main.storyboard */ = {
			isa = PBXVariantGroup;
			children = (
				303139E5245C4DB5005EEF87 /* Base */,
			);
			name = Main.storyboard;
			sourceTree = "<group>";
		};
		303139EC245C4DB7005EEF87 /* LaunchScreen.storyboard */ = {
			isa = PBXVariantGroup;
			children = (
				303139ED245C4DB7005EEF87 /* Base */,
			);
			name = LaunchScreen.storyboard;
			sourceTree = "<group>";
		};
/* End PBXVariantGroup section */

/* Begin XCBuildConfiguration section */
		30313A06245C4DB8005EEF87 /* Debug */ = {
			isa = XCBuildConfiguration;
			buildSettings = {
				ALWAYS_SEARCH_USER_PATHS = NO;
				CLANG_ANALYZER_NONNULL = YES;
				CLANG_ANALYZER_NUMBER_OBJECT_CONVERSION = YES_AGGRESSIVE;
				CLANG_CXX_LANGUAGE_STANDARD = "gnu++14";
				CLANG_CXX_LIBRARY = "libc++";
				CLANG_ENABLE_MODULES = YES;
				CLANG_ENABLE_OBJC_ARC = YES;
				CLANG_ENABLE_OBJC_WEAK = YES;
				CLANG_WARN_BLOCK_CAPTURE_AUTORELEASING = YES;
				CLANG_WARN_BOOL_CONVERSION = YES;
				CLANG_WARN_COMMA = YES;
				CLANG_WARN_CONSTANT_CONVERSION = YES;
				CLANG_WARN_DEPRECATED_OBJC_IMPLEMENTATIONS = YES;
				CLANG_WARN_DIRECT_OBJC_ISA_USAGE = YES_ERROR;
				CLANG_WARN_DOCUMENTATION_COMMENTS = YES;
				CLANG_WARN_EMPTY_BODY = YES;
				CLANG_WARN_ENUM_CONVERSION = YES;
				CLANG_WARN_INFINITE_RECURSION = YES;
				CLANG_WARN_INT_CONVERSION = YES;
				CLANG_WARN_NON_LITERAL_NULL_CONVERSION = YES;
				CLANG_WARN_OBJC_IMPLICIT_RETAIN_SELF = YES;
				CLANG_WARN_OBJC_LITERAL_CONVERSION = YES;
				CLANG_WARN_OBJC_ROOT_CLASS = YES_ERROR;
				CLANG_WARN_RANGE_LOOP_ANALYSIS = YES;
				CLANG_WARN_STRICT_PROTOTYPES = YES;
				CLANG_WARN_SUSPICIOUS_MOVE = YES;
				CLANG_WARN_UNGUARDED_AVAILABILITY = YES_AGGRESSIVE;
				CLANG_WARN_UNREACHABLE_CODE = YES;
				CLANG_WARN__DUPLICATE_METHOD_MATCH = YES;
				COPY_PHASE_STRIP = NO;
				DEBUG_INFORMATION_FORMAT = dwarf;
				ENABLE_STRICT_OBJC_MSGSEND = YES;
				ENABLE_TESTABILITY = YES;
				GCC_C_LANGUAGE_STANDARD = gnu11;
				GCC_DYNAMIC_NO_PIC = NO;
				GCC_NO_COMMON_BLOCKS = YES;
				GCC_OPTIMIZATION_LEVEL = 0;
				GCC_PREPROCESSOR_DEFINITIONS = (
					"DEBUG=1",
					"$(inherited)",
				);
				GCC_WARN_64_TO_32_BIT_CONVERSION = YES;
				GCC_WARN_ABOUT_RETURN_TYPE = YES_ERROR;
				GCC_WARN_UNDECLARED_SELECTOR = YES;
				GCC_WARN_UNINITIALIZED_AUTOS = YES_AGGRESSIVE;
				GCC_WARN_UNUSED_FUNCTION = YES;
				GCC_WARN_UNUSED_VARIABLE = YES;
				IPHONEOS_DEPLOYMENT_TARGET = 13.2;
				MTL_ENABLE_DEBUG_INFO = INCLUDE_SOURCE;
				MTL_FAST_MATH = YES;
				ONLY_ACTIVE_ARCH = YES;
				SDKROOT = iphoneos;
				SWIFT_ACTIVE_COMPILATION_CONDITIONS = DEBUG;
				SWIFT_OPTIMIZATION_LEVEL = "-Onone";
			};
			name = Debug;
		};
		30313A07245C4DB8005EEF87 /* Release */ = {
			isa = XCBuildConfiguration;
			buildSettings = {
				ALWAYS_SEARCH_USER_PATHS = NO;
				CLANG_ANALYZER_NONNULL = YES;
				CLANG_ANALYZER_NUMBER_OBJECT_CONVERSION = YES_AGGRESSIVE;
				CLANG_CXX_LANGUAGE_STANDARD = "gnu++14";
				CLANG_CXX_LIBRARY = "libc++";
				CLANG_ENABLE_MODULES = YES;
				CLANG_ENABLE_OBJC_ARC = YES;
				CLANG_ENABLE_OBJC_WEAK = YES;
				CLANG_WARN_BLOCK_CAPTURE_AUTORELEASING = YES;
				CLANG_WARN_BOOL_CONVERSION = YES;
				CLANG_WARN_COMMA = YES;
				CLANG_WARN_CONSTANT_CONVERSION = YES;
				CLANG_WARN_DEPRECATED_OBJC_IMPLEMENTATIONS = YES;
				CLANG_WARN_DIRECT_OBJC_ISA_USAGE = YES_ERROR;
				CLANG_WARN_DOCUMENTATION_COMMENTS = YES;
				CLANG_WARN_EMPTY_BODY = YES;
				CLANG_WARN_ENUM_CONVERSION = YES;
				CLANG_WARN_INFINITE_RECURSION = YES;
				CLANG_WARN_INT_CONVERSION = YES;
				CLANG_WARN_NON_LITERAL_NULL_CONVERSION = YES;
				CLANG_WARN_OBJC_IMPLICIT_RETAIN_SELF = YES;
				CLANG_WARN_OBJC_LITERAL_CONVERSION = YES;
				CLANG_WARN_OBJC_ROOT_CLASS = YES_ERROR;
				CLANG_WARN_RANGE_LOOP_ANALYSIS = YES;
				CLANG_WARN_STRICT_PROTOTYPES = YES;
				CLANG_WARN_SUSPICIOUS_MOVE = YES;
				CLANG_WARN_UNGUARDED_AVAILABILITY = YES_AGGRESSIVE;
				CLANG_WARN_UNREACHABLE_CODE = YES;
				CLANG_WARN__DUPLICATE_METHOD_MATCH = YES;
				COPY_PHASE_STRIP = NO;
				DEBUG_INFORMATION_FORMAT = "dwarf-with-dsym";
				ENABLE_NS_ASSERTIONS = NO;
				ENABLE_STRICT_OBJC_MSGSEND = YES;
				GCC_C_LANGUAGE_STANDARD = gnu11;
				GCC_NO_COMMON_BLOCKS = YES;
				GCC_WARN_64_TO_32_BIT_CONVERSION = YES;
				GCC_WARN_ABOUT_RETURN_TYPE = YES_ERROR;
				GCC_WARN_UNDECLARED_SELECTOR = YES;
				GCC_WARN_UNINITIALIZED_AUTOS = YES_AGGRESSIVE;
				GCC_WARN_UNUSED_FUNCTION = YES;
				GCC_WARN_UNUSED_VARIABLE = YES;
				IPHONEOS_DEPLOYMENT_TARGET = 13.2;
				MTL_ENABLE_DEBUG_INFO = NO;
				MTL_FAST_MATH = YES;
				SDKROOT = iphoneos;
				SWIFT_COMPILATION_MODE = wholemodule;
				SWIFT_OPTIMIZATION_LEVEL = "-O";
				VALIDATE_PRODUCT = YES;
			};
			name = Release;
		};
		30313A09245C4DB8005EEF87 /* Debug */ = {
			isa = XCBuildConfiguration;
			baseConfigurationReference = 02A2602EC87E343B44F096C7 /* Pods-AcaBase.debug.xcconfig */;
			buildSettings = {
				ASSETCATALOG_COMPILER_APPICON_NAME = AppIcon;
				CODE_SIGN_STYLE = Automatic;
				DEVELOPMENT_TEAM = 8SXGJSBHLD;
				GCC_OPTIMIZATION_LEVEL = s;
				INFOPLIST_FILE = AcaBase/Info.plist;
				LD_RUNPATH_SEARCH_PATHS = (
					"$(inherited)",
					"@executable_path/Frameworks",
				);
				PRODUCT_BUNDLE_IDENTIFIER = com.AcaBase.proj;
				PRODUCT_NAME = "$(TARGET_NAME)";
				SWIFT_VERSION = 5.0;
				TARGETED_DEVICE_FAMILY = "1,2";
			};
			name = Debug;
		};
		30313A0A245C4DB8005EEF87 /* Release */ = {
			isa = XCBuildConfiguration;
			baseConfigurationReference = 41972351D4544088E9047F88 /* Pods-AcaBase.release.xcconfig */;
			buildSettings = {
				ASSETCATALOG_COMPILER_APPICON_NAME = AppIcon;
				CODE_SIGN_STYLE = Automatic;
				DEVELOPMENT_TEAM = 8SXGJSBHLD;
				GCC_OPTIMIZATION_LEVEL = s;
				INFOPLIST_FILE = AcaBase/Info.plist;
				LD_RUNPATH_SEARCH_PATHS = (
					"$(inherited)",
					"@executable_path/Frameworks",
				);
				PRODUCT_BUNDLE_IDENTIFIER = com.AcaBase.proj;
				PRODUCT_NAME = "$(TARGET_NAME)";
				SWIFT_VERSION = 5.0;
				TARGETED_DEVICE_FAMILY = "1,2";
			};
			name = Release;
		};
		30313A0C245C4DB8005EEF87 /* Debug */ = {
			isa = XCBuildConfiguration;
			baseConfigurationReference = A7C1AE499ED568E8285712C6 /* Pods-AcaBaseTests.debug.xcconfig */;
			buildSettings = {
				ALWAYS_EMBED_SWIFT_STANDARD_LIBRARIES = YES;
				BUNDLE_LOADER = "$(TEST_HOST)";
				CODE_SIGN_STYLE = Automatic;
				DEVELOPMENT_TEAM = X85RM6NZ27;
				INFOPLIST_FILE = AcaBaseTests/Info.plist;
				IPHONEOS_DEPLOYMENT_TARGET = 13.2;
				LD_RUNPATH_SEARCH_PATHS = (
					"$(inherited)",
					"@executable_path/Frameworks",
					"@loader_path/Frameworks",
				);
				PRODUCT_BUNDLE_IDENTIFIER = com.AcaBaseTests;
				PRODUCT_NAME = "$(TARGET_NAME)";
				SWIFT_VERSION = 5.0;
				TARGETED_DEVICE_FAMILY = "1,2";
				TEST_HOST = "$(BUILT_PRODUCTS_DIR)/AcaBase.app/AcaBase";
			};
			name = Debug;
		};
		30313A0D245C4DB8005EEF87 /* Release */ = {
			isa = XCBuildConfiguration;
			baseConfigurationReference = E0BC825201CACE0536D60618 /* Pods-AcaBaseTests.release.xcconfig */;
			buildSettings = {
				ALWAYS_EMBED_SWIFT_STANDARD_LIBRARIES = YES;
				BUNDLE_LOADER = "$(TEST_HOST)";
				CODE_SIGN_STYLE = Automatic;
				DEVELOPMENT_TEAM = X85RM6NZ27;
				INFOPLIST_FILE = AcaBaseTests/Info.plist;
				IPHONEOS_DEPLOYMENT_TARGET = 13.2;
				LD_RUNPATH_SEARCH_PATHS = (
					"$(inherited)",
					"@executable_path/Frameworks",
					"@loader_path/Frameworks",
				);
				PRODUCT_BUNDLE_IDENTIFIER = com.AcaBaseTests;
				PRODUCT_NAME = "$(TARGET_NAME)";
				SWIFT_VERSION = 5.0;
				TARGETED_DEVICE_FAMILY = "1,2";
				TEST_HOST = "$(BUILT_PRODUCTS_DIR)/AcaBase.app/AcaBase";
			};
			name = Release;
		};
		30313A0F245C4DB8005EEF87 /* Debug */ = {
			isa = XCBuildConfiguration;
			baseConfigurationReference = 5B1B7CFB2263F72134078256 /* Pods-AcaBaseUITests.debug.xcconfig */;
			buildSettings = {
				ALWAYS_EMBED_SWIFT_STANDARD_LIBRARIES = YES;
				CODE_SIGN_STYLE = Automatic;
				DEVELOPMENT_TEAM = X85RM6NZ27;
				INFOPLIST_FILE = AcaBaseUITests/Info.plist;
				LD_RUNPATH_SEARCH_PATHS = (
					"$(inherited)",
					"@executable_path/Frameworks",
					"@loader_path/Frameworks",
				);
				PRODUCT_BUNDLE_IDENTIFIER = com.AcaBaseUITests;
				PRODUCT_NAME = "$(TARGET_NAME)";
				SWIFT_VERSION = 5.0;
				TARGETED_DEVICE_FAMILY = "1,2";
				TEST_TARGET_NAME = AcaBase;
			};
			name = Debug;
		};
		30313A10245C4DB8005EEF87 /* Release */ = {
			isa = XCBuildConfiguration;
			baseConfigurationReference = 8A82A2FB947AEDAC2C20A8B5 /* Pods-AcaBaseUITests.release.xcconfig */;
			buildSettings = {
				ALWAYS_EMBED_SWIFT_STANDARD_LIBRARIES = YES;
				CODE_SIGN_STYLE = Automatic;
				DEVELOPMENT_TEAM = X85RM6NZ27;
				INFOPLIST_FILE = AcaBaseUITests/Info.plist;
				LD_RUNPATH_SEARCH_PATHS = (
					"$(inherited)",
					"@executable_path/Frameworks",
					"@loader_path/Frameworks",
				);
				PRODUCT_BUNDLE_IDENTIFIER = com.AcaBaseUITests;
				PRODUCT_NAME = "$(TARGET_NAME)";
				SWIFT_VERSION = 5.0;
				TARGETED_DEVICE_FAMILY = "1,2";
				TEST_TARGET_NAME = AcaBase;
			};
			name = Release;
		};
/* End XCBuildConfiguration section */

/* Begin XCConfigurationList section */
		303139D6245C4DB4005EEF87 /* Build configuration list for PBXProject "AcaBase" */ = {
			isa = XCConfigurationList;
			buildConfigurations = (
				30313A06245C4DB8005EEF87 /* Debug */,
				30313A07245C4DB8005EEF87 /* Release */,
			);
			defaultConfigurationIsVisible = 0;
			defaultConfigurationName = Release;
		};
		30313A08245C4DB8005EEF87 /* Build configuration list for PBXNativeTarget "AcaBase" */ = {
			isa = XCConfigurationList;
			buildConfigurations = (
				30313A09245C4DB8005EEF87 /* Debug */,
				30313A0A245C4DB8005EEF87 /* Release */,
			);
			defaultConfigurationIsVisible = 0;
			defaultConfigurationName = Release;
		};
		30313A0B245C4DB8005EEF87 /* Build configuration list for PBXNativeTarget "AcaBaseTests" */ = {
			isa = XCConfigurationList;
			buildConfigurations = (
				30313A0C245C4DB8005EEF87 /* Debug */,
				30313A0D245C4DB8005EEF87 /* Release */,
			);
			defaultConfigurationIsVisible = 0;
			defaultConfigurationName = Release;
		};
		30313A0E245C4DB8005EEF87 /* Build configuration list for PBXNativeTarget "AcaBaseUITests" */ = {
			isa = XCConfigurationList;
			buildConfigurations = (
				30313A0F245C4DB8005EEF87 /* Debug */,
				30313A10245C4DB8005EEF87 /* Release */,
			);
			defaultConfigurationIsVisible = 0;
			defaultConfigurationName = Release;
		};
/* End XCConfigurationList section */

/* Begin XCVersionGroup section */
		303139E7245C4DB5005EEF87 /* AcaBase.xcdatamodeld */ = {
			isa = XCVersionGroup;
			children = (
				303139E8245C4DB5005EEF87 /* AcaBase.xcdatamodel */,
			);
			currentVersion = 303139E8245C4DB5005EEF87 /* AcaBase.xcdatamodel */;
			path = AcaBase.xcdatamodeld;
			sourceTree = "<group>";
			versionGroupType = wrapper.xcdatamodel;
		};
/* End XCVersionGroup section */
	};
	rootObject = 303139D3245C4DB4005EEF87 /* Project object */;
}
